// !$*UTF8*$!
{
	archiveVersion = 1;
	classes = {
	};
	objectVersion = 46;
	objects = {

/* Begin PBXBuildFile section */
		4A1D6A2913CD10870084A060 /* UIKit.framework in Frameworks */ = {isa = PBXBuildFile; fileRef = 4A8E811413CD022C0061D3EA /* UIKit.framework */; };
		4A1D6A2A13CD10870084A060 /* Foundation.framework in Frameworks */ = {isa = PBXBuildFile; fileRef = 4ADAAB7113C52060005B77DC /* Foundation.framework */; };
		4A1D6A2B13CD10870084A060 /* CoreGraphics.framework in Frameworks */ = {isa = PBXBuildFile; fileRef = 4A8E811713CD022C0061D3EA /* CoreGraphics.framework */; };
		4A1D6A3113CD10870084A060 /* InfoPlist.strings in Resources */ = {isa = PBXBuildFile; fileRef = 4A1D6A2F13CD10870084A060 /* InfoPlist.strings */; };
		4A1D6A3E13CD11580084A060 /* GHUnitIOS.framework in Frameworks */ = {isa = PBXBuildFile; fileRef = 4A8E813F13CD0D840061D3EA /* GHUnitIOS.framework */; };
		4A1D6A4113CD126F0084A060 /* SGTwitterClientTest.m in Sources */ = {isa = PBXBuildFile; fileRef = 4A1D6A4013CD126F0084A060 /* SGTwitterClientTest.m */; };
		4A1D6A4213CD12BE0084A060 /* GHUnitTestMain.m in Sources */ = {isa = PBXBuildFile; fileRef = 4A8E813413CD0BCA0061D3EA /* GHUnitTestMain.m */; };
		4A1D6A4413CD16850084A060 /* credentials.plist in Resources */ = {isa = PBXBuildFile; fileRef = 4A1D6A4313CD16850084A060 /* credentials.plist */; };
		4A1D6A4C13CD195A0084A060 /* CFNetwork.framework in Frameworks */ = {isa = PBXBuildFile; fileRef = 4A1D6A4813CD17B90084A060 /* CFNetwork.framework */; };
		4A1D6A4E13CD19640084A060 /* SystemConfiguration.framework in Frameworks */ = {isa = PBXBuildFile; fileRef = 4A1D6A4D13CD19640084A060 /* SystemConfiguration.framework */; };
		4A1D6A4F13CD19880084A060 /* CFNetwork.framework in Frameworks */ = {isa = PBXBuildFile; fileRef = 4A1D6A4813CD17B90084A060 /* CFNetwork.framework */; };
		4A1D6A5013CD19940084A060 /* SystemConfiguration.framework in Frameworks */ = {isa = PBXBuildFile; fileRef = 4A1D6A4D13CD19640084A060 /* SystemConfiguration.framework */; };
		4A1D6A5213CD19E60084A060 /* MobileCoreServices.framework in Frameworks */ = {isa = PBXBuildFile; fileRef = 4A1D6A5113CD19E60084A060 /* MobileCoreServices.framework */; };
		4A1D6A5313CD19F10084A060 /* libSGGimmeAPI.a in Frameworks */ = {isa = PBXBuildFile; fileRef = 4A8E814113CD0D840061D3EA /* libSGGimmeAPI.a */; };
		4A1D6A5513CD1A4E0084A060 /* libz.dylib in Frameworks */ = {isa = PBXBuildFile; fileRef = 4A1D6A5413CD1A4E0084A060 /* libz.dylib */; };
		4A1D6A7E13CF60060084A060 /* SGFoursquareClientTest.m in Sources */ = {isa = PBXBuildFile; fileRef = 4A1D6A7D13CF60060084A060 /* SGFoursquareClientTest.m */; };
		4AC15AD113E9E86C005A09B7 /* SGHTTPClient.h in Headers */ = {isa = PBXBuildFile; fileRef = 4AC1596113E9E86B005A09B7 /* SGHTTPClient.h */; };
		4AC15AD213E9E86C005A09B7 /* SGHTTPClient.m in Sources */ = {isa = PBXBuildFile; fileRef = 4AC1596213E9E86B005A09B7 /* SGHTTPClient.m */; };
		4ADAAB7213C52060005B77DC /* Foundation.framework in Frameworks */ = {isa = PBXBuildFile; fileRef = 4ADAAB7113C52060005B77DC /* Foundation.framework */; };
		4ADAAE6313C628B1005B77DC /* SGFoursquareClient.h in Headers */ = {isa = PBXBuildFile; fileRef = 4ADAAE6113C628B1005B77DC /* SGFoursquareClient.h */; };
		4ADAAE6413C628B1005B77DC /* SGFoursquareClient.m in Sources */ = {isa = PBXBuildFile; fileRef = 4ADAAE6213C628B1005B77DC /* SGFoursquareClient.m */; };
		4ADAAE6813C628BD005B77DC /* SGTwitterClient.h in Headers */ = {isa = PBXBuildFile; fileRef = 4ADAAE6613C628BD005B77DC /* SGTwitterClient.h */; };
		4ADAAE6913C628BD005B77DC /* SGTwitterClient.m in Sources */ = {isa = PBXBuildFile; fileRef = 4ADAAE6713C628BD005B77DC /* SGTwitterClient.m */; };
		4AFD5E0E14059720007B61EF /* SGASIAuthenticationDialog.h in Headers */ = {isa = PBXBuildFile; fileRef = 4AFD5DEB14059720007B61EF /* SGASIAuthenticationDialog.h */; };
		4AFD5E0F14059720007B61EF /* SGASICacheDelegate.h in Headers */ = {isa = PBXBuildFile; fileRef = 4AFD5DEC14059720007B61EF /* SGASICacheDelegate.h */; };
		4AFD5E1014059720007B61EF /* SGASIDataCompressor.h in Headers */ = {isa = PBXBuildFile; fileRef = 4AFD5DED14059720007B61EF /* SGASIDataCompressor.h */; };
		4AFD5E1114059720007B61EF /* SGASIDataCompressor.m in Sources */ = {isa = PBXBuildFile; fileRef = 4AFD5DEE14059720007B61EF /* SGASIDataCompressor.m */; };
		4AFD5E1214059720007B61EF /* SGASIDataDecompressor.h in Headers */ = {isa = PBXBuildFile; fileRef = 4AFD5DEF14059720007B61EF /* SGASIDataDecompressor.h */; };
		4AFD5E1314059720007B61EF /* SGASIDataDecompressor.m in Sources */ = {isa = PBXBuildFile; fileRef = 4AFD5DF014059720007B61EF /* SGASIDataDecompressor.m */; };
		4AFD5E1414059720007B61EF /* SGASIDownloadCache.h in Headers */ = {isa = PBXBuildFile; fileRef = 4AFD5DF114059720007B61EF /* SGASIDownloadCache.h */; };
		4AFD5E1514059720007B61EF /* SGASIDownloadCache.m in Sources */ = {isa = PBXBuildFile; fileRef = 4AFD5DF214059720007B61EF /* SGASIDownloadCache.m */; };
		4AFD5E1614059720007B61EF /* SGASIFormDataRequest.h in Headers */ = {isa = PBXBuildFile; fileRef = 4AFD5DF314059720007B61EF /* SGASIFormDataRequest.h */; };
		4AFD5E1714059720007B61EF /* SGASIFormDataRequest.m in Sources */ = {isa = PBXBuildFile; fileRef = 4AFD5DF414059720007B61EF /* SGASIFormDataRequest.m */; };
		4AFD5E1814059720007B61EF /* SGASIHTTPRequest.h in Headers */ = {isa = PBXBuildFile; fileRef = 4AFD5DF514059720007B61EF /* SGASIHTTPRequest.h */; };
		4AFD5E1914059720007B61EF /* SGASIHTTPRequest.m in Sources */ = {isa = PBXBuildFile; fileRef = 4AFD5DF614059720007B61EF /* SGASIHTTPRequest.m */; };
		4AFD5E1A14059720007B61EF /* SGASIHTTPRequestConfig.h in Headers */ = {isa = PBXBuildFile; fileRef = 4AFD5DF714059720007B61EF /* SGASIHTTPRequestConfig.h */; };
		4AFD5E1B14059720007B61EF /* SGASIHTTPRequestDelegate.h in Headers */ = {isa = PBXBuildFile; fileRef = 4AFD5DF814059720007B61EF /* SGASIHTTPRequestDelegate.h */; };
		4AFD5E1C14059720007B61EF /* SGASIInputStream.h in Headers */ = {isa = PBXBuildFile; fileRef = 4AFD5DF914059720007B61EF /* SGASIInputStream.h */; };
		4AFD5E1D14059720007B61EF /* SGASIInputStream.m in Sources */ = {isa = PBXBuildFile; fileRef = 4AFD5DFA14059720007B61EF /* SGASIInputStream.m */; };
		4AFD5E1E14059720007B61EF /* SGASINetworkQueue.h in Headers */ = {isa = PBXBuildFile; fileRef = 4AFD5DFB14059720007B61EF /* SGASINetworkQueue.h */; };
		4AFD5E1F14059720007B61EF /* SGASINetworkQueue.m in Sources */ = {isa = PBXBuildFile; fileRef = 4AFD5DFC14059720007B61EF /* SGASINetworkQueue.m */; };
		4AFD5E2014059720007B61EF /* SGASIProgressDelegate.h in Headers */ = {isa = PBXBuildFile; fileRef = 4AFD5DFD14059720007B61EF /* SGASIProgressDelegate.h */; };
		4AFD5E2114059720007B61EF /* SGReachability.h in Headers */ = {isa = PBXBuildFile; fileRef = 4AFD5DFF14059720007B61EF /* SGReachability.h */; };
		4AFD5E2214059720007B61EF /* SGReachability.m in Sources */ = {isa = PBXBuildFile; fileRef = 4AFD5E0014059720007B61EF /* SGReachability.m */; };
		4AFD5E2314059720007B61EF /* SGASIFormDataRequest+OAuth.h in Headers */ = {isa = PBXBuildFile; fileRef = 4AFD5E0314059720007B61EF /* SGASIFormDataRequest+OAuth.h */; };
		4AFD5E2414059720007B61EF /* SGASIFormDataRequest+OAuth.m in Sources */ = {isa = PBXBuildFile; fileRef = 4AFD5E0414059720007B61EF /* SGASIFormDataRequest+OAuth.m */; };
		4AFD5E2514059720007B61EF /* SGASIHTTPRequest+OAuth.h in Headers */ = {isa = PBXBuildFile; fileRef = 4AFD5E0514059720007B61EF /* SGASIHTTPRequest+OAuth.h */; };
		4AFD5E2614059720007B61EF /* SGASIHTTPRequest+OAuth.m in Sources */ = {isa = PBXBuildFile; fileRef = 4AFD5E0614059720007B61EF /* SGASIHTTPRequest+OAuth.m */; };
		4AFD5E2714059720007B61EF /* SGNSData+Base64.h in Headers */ = {isa = PBXBuildFile; fileRef = 4AFD5E0714059720007B61EF /* SGNSData+Base64.h */; };
		4AFD5E2814059720007B61EF /* SGNSData+Base64.m in Sources */ = {isa = PBXBuildFile; fileRef = 4AFD5E0814059720007B61EF /* SGNSData+Base64.m */; };
		4AFD5E2914059720007B61EF /* SGNSString+URLEncode.h in Headers */ = {isa = PBXBuildFile; fileRef = 4AFD5E0914059720007B61EF /* SGNSString+URLEncode.h */; };
		4AFD5E2A14059720007B61EF /* SGNSString+URLEncode.m in Sources */ = {isa = PBXBuildFile; fileRef = 4AFD5E0A14059720007B61EF /* SGNSString+URLEncode.m */; };
		4AFD5E2B14059720007B61EF /* SGJSONKit.h in Headers */ = {isa = PBXBuildFile; fileRef = 4AFD5E0C14059720007B61EF /* SGJSONKit.h */; };
		4AFD5E2C14059720007B61EF /* SGJSONKit.m in Sources */ = {isa = PBXBuildFile; fileRef = 4AFD5E0D14059720007B61EF /* SGJSONKit.m */; };
		4AFD5E2F14059734007B61EF /* SGCallback.h in Headers */ = {isa = PBXBuildFile; fileRef = 4AFD5E2D14059734007B61EF /* SGCallback.h */; };
		4AFD5E3014059734007B61EF /* SGCallback.m in Sources */ = {isa = PBXBuildFile; fileRef = 4AFD5E2E14059734007B61EF /* SGCallback.m */; };
/* End PBXBuildFile section */

/* Begin PBXContainerItemProxy section */
		4A1D6A4513CD176F0084A060 /* PBXContainerItemProxy */ = {
			isa = PBXContainerItemProxy;
			containerPortal = 4ADAAB6513C5205F005B77DC /* Project object */;
			proxyType = 1;
			remoteGlobalIDString = 4ADAAB6D13C52060005B77DC;
			remoteInfo = SGGimmeAPI;
		};
/* End PBXContainerItemProxy section */

/* Begin PBXFileReference section */
		4A1D6A2713CD10870084A060 /* Tests.app */ = {isa = PBXFileReference; explicitFileType = wrapper.application; includeInIndex = 0; path = Tests.app; sourceTree = BUILT_PRODUCTS_DIR; };
		4A1D6A2E13CD10870084A060 /* Tests-Info.plist */ = {isa = PBXFileReference; lastKnownFileType = text.plist.xml; path = "Tests-Info.plist"; sourceTree = "<group>"; };
		4A1D6A3013CD10870084A060 /* en */ = {isa = PBXFileReference; lastKnownFileType = text.plist.strings; name = en; path = en.lproj/InfoPlist.strings; sourceTree = "<group>"; };
		4A1D6A3213CD10870084A060 /* Tests-Prefix.pch */ = {isa = PBXFileReference; lastKnownFileType = sourcecode.c.h; path = "Tests-Prefix.pch"; sourceTree = "<group>"; };
		4A1D6A4013CD126F0084A060 /* SGTwitterClientTest.m */ = {isa = PBXFileReference; fileEncoding = 4; lastKnownFileType = sourcecode.c.objc; path = SGTwitterClientTest.m; sourceTree = "<group>"; };
		4A1D6A4313CD16850084A060 /* credentials.plist */ = {isa = PBXFileReference; fileEncoding = 4; lastKnownFileType = text.plist.xml; path = credentials.plist; sourceTree = "<group>"; };
		4A1D6A4813CD17B90084A060 /* CFNetwork.framework */ = {isa = PBXFileReference; lastKnownFileType = wrapper.framework; name = CFNetwork.framework; path = System/Library/Frameworks/CFNetwork.framework; sourceTree = SDKROOT; };
		4A1D6A4D13CD19640084A060 /* SystemConfiguration.framework */ = {isa = PBXFileReference; lastKnownFileType = wrapper.framework; name = SystemConfiguration.framework; path = System/Library/Frameworks/SystemConfiguration.framework; sourceTree = SDKROOT; };
		4A1D6A5113CD19E60084A060 /* MobileCoreServices.framework */ = {isa = PBXFileReference; lastKnownFileType = wrapper.framework; name = MobileCoreServices.framework; path = System/Library/Frameworks/MobileCoreServices.framework; sourceTree = SDKROOT; };
		4A1D6A5413CD1A4E0084A060 /* libz.dylib */ = {isa = PBXFileReference; lastKnownFileType = "compiled.mach-o.dylib"; name = libz.dylib; path = usr/lib/libz.dylib; sourceTree = SDKROOT; };
		4A1D6A7D13CF60060084A060 /* SGFoursquareClientTest.m */ = {isa = PBXFileReference; fileEncoding = 4; lastKnownFileType = sourcecode.c.objc; path = SGFoursquareClientTest.m; sourceTree = "<group>"; };
		4A8E811413CD022C0061D3EA /* UIKit.framework */ = {isa = PBXFileReference; lastKnownFileType = wrapper.framework; name = UIKit.framework; path = System/Library/Frameworks/UIKit.framework; sourceTree = SDKROOT; };
		4A8E811713CD022C0061D3EA /* CoreGraphics.framework */ = {isa = PBXFileReference; lastKnownFileType = wrapper.framework; name = CoreGraphics.framework; path = System/Library/Frameworks/CoreGraphics.framework; sourceTree = SDKROOT; };
		4A8E813413CD0BCA0061D3EA /* GHUnitTestMain.m */ = {isa = PBXFileReference; fileEncoding = 4; lastKnownFileType = sourcecode.c.objc; path = GHUnitTestMain.m; sourceTree = "<group>"; };
		4A8E813F13CD0D840061D3EA /* GHUnitIOS.framework */ = {isa = PBXFileReference; lastKnownFileType = wrapper.framework; path = GHUnitIOS.framework; sourceTree = "<group>"; };
		4A8E814113CD0D840061D3EA /* libSGGimmeAPI.a */ = {isa = PBXFileReference; explicitFileType = archive.ar; includeInIndex = 0; path = libSGGimmeAPI.a; sourceTree = BUILT_PRODUCTS_DIR; };
		4AC1596113E9E86B005A09B7 /* SGHTTPClient.h */ = {isa = PBXFileReference; fileEncoding = 4; lastKnownFileType = sourcecode.c.h; path = SGHTTPClient.h; sourceTree = "<group>"; };
		4AC1596213E9E86B005A09B7 /* SGHTTPClient.m */ = {isa = PBXFileReference; fileEncoding = 4; lastKnownFileType = sourcecode.c.objc; path = SGHTTPClient.m; sourceTree = "<group>"; };
		4ADAAB7113C52060005B77DC /* Foundation.framework */ = {isa = PBXFileReference; lastKnownFileType = wrapper.framework; name = Foundation.framework; path = System/Library/Frameworks/Foundation.framework; sourceTree = SDKROOT; };
		4ADAAB7513C52060005B77DC /* SGGimmeAPI-Prefix.pch */ = {isa = PBXFileReference; lastKnownFileType = sourcecode.c.h; path = "SGGimmeAPI-Prefix.pch"; sourceTree = "<group>"; };
		4ADAAE6113C628B1005B77DC /* SGFoursquareClient.h */ = {isa = PBXFileReference; fileEncoding = 4; lastKnownFileType = sourcecode.c.h; lineEnding = 0; path = SGFoursquareClient.h; sourceTree = "<group>"; xcLanguageSpecificationIdentifier = xcode.lang.objcpp; };
		4ADAAE6213C628B1005B77DC /* SGFoursquareClient.m */ = {isa = PBXFileReference; fileEncoding = 4; lastKnownFileType = sourcecode.c.objc; lineEnding = 0; path = SGFoursquareClient.m; sourceTree = "<group>"; xcLanguageSpecificationIdentifier = xcode.lang.objc; };
		4ADAAE6613C628BD005B77DC /* SGTwitterClient.h */ = {isa = PBXFileReference; fileEncoding = 4; lastKnownFileType = sourcecode.c.h; lineEnding = 0; path = SGTwitterClient.h; sourceTree = "<group>"; xcLanguageSpecificationIdentifier = xcode.lang.objcpp; };
		4ADAAE6713C628BD005B77DC /* SGTwitterClient.m */ = {isa = PBXFileReference; fileEncoding = 4; lastKnownFileType = sourcecode.c.objc; lineEnding = 0; path = SGTwitterClient.m; sourceTree = "<group>"; xcLanguageSpecificationIdentifier = xcode.lang.objc; };
		4AFD5DEB14059720007B61EF /* SGASIAuthenticationDialog.h */ = {isa = PBXFileReference; fileEncoding = 4; lastKnownFileType = sourcecode.c.h; path = SGASIAuthenticationDialog.h; sourceTree = "<group>"; };
		4AFD5DEC14059720007B61EF /* SGASICacheDelegate.h */ = {isa = PBXFileReference; fileEncoding = 4; lastKnownFileType = sourcecode.c.h; path = SGASICacheDelegate.h; sourceTree = "<group>"; };
		4AFD5DED14059720007B61EF /* SGASIDataCompressor.h */ = {isa = PBXFileReference; fileEncoding = 4; lastKnownFileType = sourcecode.c.h; path = SGASIDataCompressor.h; sourceTree = "<group>"; };
		4AFD5DEE14059720007B61EF /* SGASIDataCompressor.m */ = {isa = PBXFileReference; fileEncoding = 4; lastKnownFileType = sourcecode.c.objc; path = SGASIDataCompressor.m; sourceTree = "<group>"; };
		4AFD5DEF14059720007B61EF /* SGASIDataDecompressor.h */ = {isa = PBXFileReference; fileEncoding = 4; lastKnownFileType = sourcecode.c.h; path = SGASIDataDecompressor.h; sourceTree = "<group>"; };
		4AFD5DF014059720007B61EF /* SGASIDataDecompressor.m */ = {isa = PBXFileReference; fileEncoding = 4; lastKnownFileType = sourcecode.c.objc; path = SGASIDataDecompressor.m; sourceTree = "<group>"; };
		4AFD5DF114059720007B61EF /* SGASIDownloadCache.h */ = {isa = PBXFileReference; fileEncoding = 4; lastKnownFileType = sourcecode.c.h; path = SGASIDownloadCache.h; sourceTree = "<group>"; };
		4AFD5DF214059720007B61EF /* SGASIDownloadCache.m */ = {isa = PBXFileReference; fileEncoding = 4; lastKnownFileType = sourcecode.c.objc; path = SGASIDownloadCache.m; sourceTree = "<group>"; };
		4AFD5DF314059720007B61EF /* SGASIFormDataRequest.h */ = {isa = PBXFileReference; fileEncoding = 4; lastKnownFileType = sourcecode.c.h; path = SGASIFormDataRequest.h; sourceTree = "<group>"; };
		4AFD5DF414059720007B61EF /* SGASIFormDataRequest.m */ = {isa = PBXFileReference; fileEncoding = 4; lastKnownFileType = sourcecode.c.objc; path = SGASIFormDataRequest.m; sourceTree = "<group>"; };
		4AFD5DF514059720007B61EF /* SGASIHTTPRequest.h */ = {isa = PBXFileReference; fileEncoding = 4; lastKnownFileType = sourcecode.c.h; path = SGASIHTTPRequest.h; sourceTree = "<group>"; };
		4AFD5DF614059720007B61EF /* SGASIHTTPRequest.m */ = {isa = PBXFileReference; fileEncoding = 4; lastKnownFileType = sourcecode.c.objc; path = SGASIHTTPRequest.m; sourceTree = "<group>"; };
		4AFD5DF714059720007B61EF /* SGASIHTTPRequestConfig.h */ = {isa = PBXFileReference; fileEncoding = 4; lastKnownFileType = sourcecode.c.h; path = SGASIHTTPRequestConfig.h; sourceTree = "<group>"; };
		4AFD5DF814059720007B61EF /* SGASIHTTPRequestDelegate.h */ = {isa = PBXFileReference; fileEncoding = 4; lastKnownFileType = sourcecode.c.h; path = SGASIHTTPRequestDelegate.h; sourceTree = "<group>"; };
		4AFD5DF914059720007B61EF /* SGASIInputStream.h */ = {isa = PBXFileReference; fileEncoding = 4; lastKnownFileType = sourcecode.c.h; path = SGASIInputStream.h; sourceTree = "<group>"; };
		4AFD5DFA14059720007B61EF /* SGASIInputStream.m */ = {isa = PBXFileReference; fileEncoding = 4; lastKnownFileType = sourcecode.c.objc; path = SGASIInputStream.m; sourceTree = "<group>"; };
		4AFD5DFB14059720007B61EF /* SGASINetworkQueue.h */ = {isa = PBXFileReference; fileEncoding = 4; lastKnownFileType = sourcecode.c.h; path = SGASINetworkQueue.h; sourceTree = "<group>"; };
		4AFD5DFC14059720007B61EF /* SGASINetworkQueue.m */ = {isa = PBXFileReference; fileEncoding = 4; lastKnownFileType = sourcecode.c.objc; path = SGASINetworkQueue.m; sourceTree = "<group>"; };
		4AFD5DFD14059720007B61EF /* SGASIProgressDelegate.h */ = {isa = PBXFileReference; fileEncoding = 4; lastKnownFileType = sourcecode.c.h; path = SGASIProgressDelegate.h; sourceTree = "<group>"; };
		4AFD5DFE14059720007B61EF /* LICENSE */ = {isa = PBXFileReference; fileEncoding = 4; lastKnownFileType = text; path = LICENSE; sourceTree = "<group>"; };
		4AFD5DFF14059720007B61EF /* SGReachability.h */ = {isa = PBXFileReference; fileEncoding = 4; lastKnownFileType = sourcecode.c.h; path = SGReachability.h; sourceTree = "<group>"; };
		4AFD5E0014059720007B61EF /* SGReachability.m */ = {isa = PBXFileReference; fileEncoding = 4; lastKnownFileType = sourcecode.c.objc; path = SGReachability.m; sourceTree = "<group>"; };
		4AFD5E0214059720007B61EF /* LICENSE */ = {isa = PBXFileReference; fileEncoding = 4; lastKnownFileType = text; path = LICENSE; sourceTree = "<group>"; };
		4AFD5E0314059720007B61EF /* SGASIFormDataRequest+OAuth.h */ = {isa = PBXFileReference; fileEncoding = 4; lastKnownFileType = sourcecode.c.h; path = "SGASIFormDataRequest+OAuth.h"; sourceTree = "<group>"; };
		4AFD5E0414059720007B61EF /* SGASIFormDataRequest+OAuth.m */ = {isa = PBXFileReference; fileEncoding = 4; lastKnownFileType = sourcecode.c.objc; path = "SGASIFormDataRequest+OAuth.m"; sourceTree = "<group>"; };
		4AFD5E0514059720007B61EF /* SGASIHTTPRequest+OAuth.h */ = {isa = PBXFileReference; fileEncoding = 4; lastKnownFileType = sourcecode.c.h; path = "SGASIHTTPRequest+OAuth.h"; sourceTree = "<group>"; };
		4AFD5E0614059720007B61EF /* SGASIHTTPRequest+OAuth.m */ = {isa = PBXFileReference; fileEncoding = 4; lastKnownFileType = sourcecode.c.objc; path = "SGASIHTTPRequest+OAuth.m"; sourceTree = "<group>"; };
		4AFD5E0714059720007B61EF /* SGNSData+Base64.h */ = {isa = PBXFileReference; fileEncoding = 4; lastKnownFileType = sourcecode.c.h; path = "SGNSData+Base64.h"; sourceTree = "<group>"; };
		4AFD5E0814059720007B61EF /* SGNSData+Base64.m */ = {isa = PBXFileReference; fileEncoding = 4; lastKnownFileType = sourcecode.c.objc; path = "SGNSData+Base64.m"; sourceTree = "<group>"; };
		4AFD5E0914059720007B61EF /* SGNSString+URLEncode.h */ = {isa = PBXFileReference; fileEncoding = 4; lastKnownFileType = sourcecode.c.h; path = "SGNSString+URLEncode.h"; sourceTree = "<group>"; };
		4AFD5E0A14059720007B61EF /* SGNSString+URLEncode.m */ = {isa = PBXFileReference; fileEncoding = 4; lastKnownFileType = sourcecode.c.objc; path = "SGNSString+URLEncode.m"; sourceTree = "<group>"; };
		4AFD5E0C14059720007B61EF /* SGJSONKit.h */ = {isa = PBXFileReference; fileEncoding = 4; lastKnownFileType = sourcecode.c.h; path = SGJSONKit.h; sourceTree = "<group>"; };
		4AFD5E0D14059720007B61EF /* SGJSONKit.m */ = {isa = PBXFileReference; fileEncoding = 4; lastKnownFileType = sourcecode.c.objc; path = SGJSONKit.m; sourceTree = "<group>"; };
		4AFD5E2D14059734007B61EF /* SGCallback.h */ = {isa = PBXFileReference; fileEncoding = 4; lastKnownFileType = sourcecode.c.h; path = SGCallback.h; sourceTree = "<group>"; };
		4AFD5E2E14059734007B61EF /* SGCallback.m */ = {isa = PBXFileReference; fileEncoding = 4; lastKnownFileType = sourcecode.c.objc; path = SGCallback.m; sourceTree = "<group>"; };
/* End PBXFileReference section */

/* Begin PBXFrameworksBuildPhase section */
		4A1D6A2413CD10870084A060 /* Frameworks */ = {
			isa = PBXFrameworksBuildPhase;
			buildActionMask = 2147483647;
			files = (
				4A1D6A5513CD1A4E0084A060 /* libz.dylib in Frameworks */,
				4A1D6A5313CD19F10084A060 /* libSGGimmeAPI.a in Frameworks */,
				4A1D6A5213CD19E60084A060 /* MobileCoreServices.framework in Frameworks */,
				4A1D6A2913CD10870084A060 /* UIKit.framework in Frameworks */,
				4A1D6A2A13CD10870084A060 /* Foundation.framework in Frameworks */,
				4A1D6A2B13CD10870084A060 /* CoreGraphics.framework in Frameworks */,
				4A1D6A3E13CD11580084A060 /* GHUnitIOS.framework in Frameworks */,
				4A1D6A4F13CD19880084A060 /* CFNetwork.framework in Frameworks */,
				4A1D6A5013CD19940084A060 /* SystemConfiguration.framework in Frameworks */,
			);
			runOnlyForDeploymentPostprocessing = 0;
		};
		4ADAAB6B13C52060005B77DC /* Frameworks */ = {
			isa = PBXFrameworksBuildPhase;
			buildActionMask = 2147483647;
			files = (
				4A1D6A4E13CD19640084A060 /* SystemConfiguration.framework in Frameworks */,
				4ADAAB7213C52060005B77DC /* Foundation.framework in Frameworks */,
				4A1D6A4C13CD195A0084A060 /* CFNetwork.framework in Frameworks */,
			);
			runOnlyForDeploymentPostprocessing = 0;
		};
/* End PBXFrameworksBuildPhase section */

/* Begin PBXGroup section */
		4A1D6A2C13CD10870084A060 /* Tests */ = {
			isa = PBXGroup;
			children = (
				4A8E813413CD0BCA0061D3EA /* GHUnitTestMain.m */,
				4A1D6A2D13CD10870084A060 /* Supporting Files */,
				4A1D6A4013CD126F0084A060 /* SGTwitterClientTest.m */,
				4A1D6A4313CD16850084A060 /* credentials.plist */,
				4A1D6A7D13CF60060084A060 /* SGFoursquareClientTest.m */,
			);
			path = Tests;
			sourceTree = "<group>";
		};
		4A1D6A2D13CD10870084A060 /* Supporting Files */ = {
			isa = PBXGroup;
			children = (
				4A8E813F13CD0D840061D3EA /* GHUnitIOS.framework */,
				4A1D6A2E13CD10870084A060 /* Tests-Info.plist */,
				4A1D6A2F13CD10870084A060 /* InfoPlist.strings */,
				4A1D6A3213CD10870084A060 /* Tests-Prefix.pch */,
			);
			name = "Supporting Files";
			sourceTree = "<group>";
		};
		4AC1593613E9E86B005A09B7 /* SGObjCHTTP */ = {
			isa = PBXGroup;
			children = (
				4AC1596013E9E86B005A09B7 /* Classes */,
				4AC1596313E9E86B005A09B7 /* Resources */,
			);
			path = SGObjCHTTP;
			sourceTree = "<group>";
		};
		4AC1596013E9E86B005A09B7 /* Classes */ = {
			isa = PBXGroup;
			children = (
				4AFD5E2D14059734007B61EF /* SGCallback.h */,
				4AFD5E2E14059734007B61EF /* SGCallback.m */,
				4AC1596113E9E86B005A09B7 /* SGHTTPClient.h */,
				4AC1596213E9E86B005A09B7 /* SGHTTPClient.m */,
			);
			name = Classes;
			path = SGObjCHTTP/Classes;
			sourceTree = "<group>";
		};
		4AC1596313E9E86B005A09B7 /* Resources */ = {
			isa = PBXGroup;
			children = (
				4AFD5DE914059720007B61EF /* asi-http-request */,
				4AFD5E0114059720007B61EF /* asi-http-request-oauth */,
				4AFD5E0B14059720007B61EF /* JSONKit */,
			);
			name = Resources;
			path = SGObjCHTTP/Resources;
			sourceTree = "<group>";
		};
		4ADAAB6313C5205F005B77DC = {
			isa = PBXGroup;
			children = (
				4ADAAB7313C52060005B77DC /* SGGimmeAPI */,
				4A1D6A2C13CD10870084A060 /* Tests */,
				4ADAAB7013C52060005B77DC /* Frameworks */,
				4ADAAB6F13C52060005B77DC /* Products */,
				4A8E814113CD0D840061D3EA /* libSGGimmeAPI.a */,
			);
			sourceTree = "<group>";
		};
		4ADAAB6F13C52060005B77DC /* Products */ = {
			isa = PBXGroup;
			children = (
				4A1D6A2713CD10870084A060 /* Tests.app */,
			);
			name = Products;
			sourceTree = "<group>";
		};
		4ADAAB7013C52060005B77DC /* Frameworks */ = {
			isa = PBXGroup;
			children = (
				4A1D6A5113CD19E60084A060 /* MobileCoreServices.framework */,
				4A1D6A5413CD1A4E0084A060 /* libz.dylib */,
				4A1D6A4D13CD19640084A060 /* SystemConfiguration.framework */,
				4A1D6A4813CD17B90084A060 /* CFNetwork.framework */,
				4ADAAB7113C52060005B77DC /* Foundation.framework */,
				4A8E811413CD022C0061D3EA /* UIKit.framework */,
				4A8E811713CD022C0061D3EA /* CoreGraphics.framework */,
			);
			name = Frameworks;
			sourceTree = "<group>";
		};
		4ADAAB7313C52060005B77DC /* SGGimmeAPI */ = {
			isa = PBXGroup;
			children = (
				4ADAAB7B13C52179005B77DC /* Resources */,
				4ADAACA913C52179005B77DC /* Classes */,
				4ADAAB7413C52060005B77DC /* Supporting Files */,
			);
			path = SGGimmeAPI;
			sourceTree = "<group>";
		};
		4ADAAB7413C52060005B77DC /* Supporting Files */ = {
			isa = PBXGroup;
			children = (
				4ADAAB7513C52060005B77DC /* SGGimmeAPI-Prefix.pch */,
			);
			name = "Supporting Files";
			sourceTree = "<group>";
		};
		4ADAAB7B13C52179005B77DC /* Resources */ = {
			isa = PBXGroup;
			children = (
				4AC1593613E9E86B005A09B7 /* SGObjCHTTP */,
			);
			path = Resources;
			sourceTree = "<group>";
		};
		4ADAACA913C52179005B77DC /* Classes */ = {
			isa = PBXGroup;
			children = (
				4ADAAE6113C628B1005B77DC /* SGFoursquareClient.h */,
				4ADAAE6213C628B1005B77DC /* SGFoursquareClient.m */,
				4ADAAE6613C628BD005B77DC /* SGTwitterClient.h */,
				4ADAAE6713C628BD005B77DC /* SGTwitterClient.m */,
			);
			path = Classes;
			sourceTree = "<group>";
		};
		4AFD5DE914059720007B61EF /* asi-http-request */ = {
			isa = PBXGroup;
			children = (
				4AFD5DEA14059720007B61EF /* Classes */,
				4AFD5DFE14059720007B61EF /* LICENSE */,
				4AFD5DFF14059720007B61EF /* SGReachability.h */,
				4AFD5E0014059720007B61EF /* SGReachability.m */,
			);
			path = "asi-http-request";
			sourceTree = "<group>";
		};
		4AFD5DEA14059720007B61EF /* Classes */ = {
			isa = PBXGroup;
			children = (
				4AFD5DEB14059720007B61EF /* SGASIAuthenticationDialog.h */,
				4AFD5DEC14059720007B61EF /* SGASICacheDelegate.h */,
				4AFD5DED14059720007B61EF /* SGASIDataCompressor.h */,
				4AFD5DEE14059720007B61EF /* SGASIDataCompressor.m */,
				4AFD5DEF14059720007B61EF /* SGASIDataDecompressor.h */,
				4AFD5DF014059720007B61EF /* SGASIDataDecompressor.m */,
				4AFD5DF114059720007B61EF /* SGASIDownloadCache.h */,
				4AFD5DF214059720007B61EF /* SGASIDownloadCache.m */,
				4AFD5DF314059720007B61EF /* SGASIFormDataRequest.h */,
				4AFD5DF414059720007B61EF /* SGASIFormDataRequest.m */,
				4AFD5DF514059720007B61EF /* SGASIHTTPRequest.h */,
				4AFD5DF614059720007B61EF /* SGASIHTTPRequest.m */,
				4AFD5DF714059720007B61EF /* SGASIHTTPRequestConfig.h */,
				4AFD5DF814059720007B61EF /* SGASIHTTPRequestDelegate.h */,
				4AFD5DF914059720007B61EF /* SGASIInputStream.h */,
				4AFD5DFA14059720007B61EF /* SGASIInputStream.m */,
				4AFD5DFB14059720007B61EF /* SGASINetworkQueue.h */,
				4AFD5DFC14059720007B61EF /* SGASINetworkQueue.m */,
				4AFD5DFD14059720007B61EF /* SGASIProgressDelegate.h */,
			);
			path = Classes;
			sourceTree = "<group>";
		};
		4AFD5E0114059720007B61EF /* asi-http-request-oauth */ = {
			isa = PBXGroup;
			children = (
				4AFD5E0214059720007B61EF /* LICENSE */,
				4AFD5E0314059720007B61EF /* SGASIFormDataRequest+OAuth.h */,
				4AFD5E0414059720007B61EF /* SGASIFormDataRequest+OAuth.m */,
				4AFD5E0514059720007B61EF /* SGASIHTTPRequest+OAuth.h */,
				4AFD5E0614059720007B61EF /* SGASIHTTPRequest+OAuth.m */,
				4AFD5E0714059720007B61EF /* SGNSData+Base64.h */,
				4AFD5E0814059720007B61EF /* SGNSData+Base64.m */,
				4AFD5E0914059720007B61EF /* SGNSString+URLEncode.h */,
				4AFD5E0A14059720007B61EF /* SGNSString+URLEncode.m */,
			);
			path = "asi-http-request-oauth";
			sourceTree = "<group>";
		};
		4AFD5E0B14059720007B61EF /* JSONKit */ = {
			isa = PBXGroup;
			children = (
				4AFD5E0C14059720007B61EF /* SGJSONKit.h */,
				4AFD5E0D14059720007B61EF /* SGJSONKit.m */,
			);
			path = JSONKit;
			sourceTree = "<group>";
		};
/* End PBXGroup section */

/* Begin PBXHeadersBuildPhase section */
		4ADAAB6C13C52060005B77DC /* Headers */ = {
			isa = PBXHeadersBuildPhase;
			buildActionMask = 2147483647;
			files = (
				4ADAAE6313C628B1005B77DC /* SGFoursquareClient.h in Headers */,
				4ADAAE6813C628BD005B77DC /* SGTwitterClient.h in Headers */,
				4AC15AD113E9E86C005A09B7 /* SGHTTPClient.h in Headers */,
				4AFD5E0E14059720007B61EF /* SGASIAuthenticationDialog.h in Headers */,
				4AFD5E0F14059720007B61EF /* SGASICacheDelegate.h in Headers */,
				4AFD5E1014059720007B61EF /* SGASIDataCompressor.h in Headers */,
				4AFD5E1214059720007B61EF /* SGASIDataDecompressor.h in Headers */,
				4AFD5E1414059720007B61EF /* SGASIDownloadCache.h in Headers */,
				4AFD5E1614059720007B61EF /* SGASIFormDataRequest.h in Headers */,
				4AFD5E1814059720007B61EF /* SGASIHTTPRequest.h in Headers */,
				4AFD5E1A14059720007B61EF /* SGASIHTTPRequestConfig.h in Headers */,
				4AFD5E1B14059720007B61EF /* SGASIHTTPRequestDelegate.h in Headers */,
				4AFD5E1C14059720007B61EF /* SGASIInputStream.h in Headers */,
				4AFD5E1E14059720007B61EF /* SGASINetworkQueue.h in Headers */,
				4AFD5E2014059720007B61EF /* SGASIProgressDelegate.h in Headers */,
				4AFD5E2114059720007B61EF /* SGReachability.h in Headers */,
				4AFD5E2314059720007B61EF /* SGASIFormDataRequest+OAuth.h in Headers */,
				4AFD5E2514059720007B61EF /* SGASIHTTPRequest+OAuth.h in Headers */,
				4AFD5E2714059720007B61EF /* SGNSData+Base64.h in Headers */,
				4AFD5E2914059720007B61EF /* SGNSString+URLEncode.h in Headers */,
				4AFD5E2B14059720007B61EF /* SGJSONKit.h in Headers */,
				4AFD5E2F14059734007B61EF /* SGCallback.h in Headers */,
			);
			runOnlyForDeploymentPostprocessing = 0;
		};
/* End PBXHeadersBuildPhase section */

/* Begin PBXNativeTarget section */
		4A1D6A2613CD10870084A060 /* Tests */ = {
			isa = PBXNativeTarget;
			buildConfigurationList = 4A1D6A3B13CD10870084A060 /* Build configuration list for PBXNativeTarget "Tests" */;
			buildPhases = (
				4A1D6A2313CD10870084A060 /* Sources */,
				4A1D6A2413CD10870084A060 /* Frameworks */,
				4A1D6A2513CD10870084A060 /* Resources */,
			);
			buildRules = (
			);
			dependencies = (
				4A1D6A4613CD176F0084A060 /* PBXTargetDependency */,
			);
			name = Tests;
			productName = Tests;
			productReference = 4A1D6A2713CD10870084A060 /* Tests.app */;
			productType = "com.apple.product-type.application";
		};
		4ADAAB6D13C52060005B77DC /* SGGimmeAPI */ = {
			isa = PBXNativeTarget;
			buildConfigurationList = 4ADAAB7813C52060005B77DC /* Build configuration list for PBXNativeTarget "SGGimmeAPI" */;
			buildPhases = (
				4ADAAB6A13C52060005B77DC /* Sources */,
				4ADAAB6B13C52060005B77DC /* Frameworks */,
				4ADAAB6C13C52060005B77DC /* Headers */,
			);
			buildRules = (
			);
			dependencies = (
			);
			name = SGGimmeAPI;
			productName = SGGimmeAPI;
			productReference = 4A8E814113CD0D840061D3EA /* libSGGimmeAPI.a */;
			productType = "com.apple.product-type.library.static";
		};
/* End PBXNativeTarget section */

/* Begin PBXProject section */
		4ADAAB6513C5205F005B77DC /* Project object */ = {
			isa = PBXProject;
			attributes = {
				ORGANIZATIONNAME = SimpleGeo;
			};
			buildConfigurationList = 4ADAAB6813C5205F005B77DC /* Build configuration list for PBXProject "SGGimmeAPI" */;
			compatibilityVersion = "Xcode 3.2";
			developmentRegion = English;
			hasScannedForEncodings = 0;
			knownRegions = (
				en,
				English,
			);
			mainGroup = 4ADAAB6313C5205F005B77DC;
			productRefGroup = 4ADAAB6F13C52060005B77DC /* Products */;
			projectDirPath = "";
			projectRoot = "";
			targets = (
				4ADAAB6D13C52060005B77DC /* SGGimmeAPI */,
				4A1D6A2613CD10870084A060 /* Tests */,
			);
		};
/* End PBXProject section */

/* Begin PBXResourcesBuildPhase section */
		4A1D6A2513CD10870084A060 /* Resources */ = {
			isa = PBXResourcesBuildPhase;
			buildActionMask = 2147483647;
			files = (
				4A1D6A3113CD10870084A060 /* InfoPlist.strings in Resources */,
				4A1D6A4413CD16850084A060 /* credentials.plist in Resources */,
			);
			runOnlyForDeploymentPostprocessing = 0;
		};
/* End PBXResourcesBuildPhase section */

/* Begin PBXSourcesBuildPhase section */
		4A1D6A2313CD10870084A060 /* Sources */ = {
			isa = PBXSourcesBuildPhase;
			buildActionMask = 2147483647;
			files = (
				4A1D6A4113CD126F0084A060 /* SGTwitterClientTest.m in Sources */,
				4A1D6A4213CD12BE0084A060 /* GHUnitTestMain.m in Sources */,
				4A1D6A7E13CF60060084A060 /* SGFoursquareClientTest.m in Sources */,
			);
			runOnlyForDeploymentPostprocessing = 0;
		};
		4ADAAB6A13C52060005B77DC /* Sources */ = {
			isa = PBXSourcesBuildPhase;
			buildActionMask = 2147483647;
			files = (
				4ADAAE6413C628B1005B77DC /* SGFoursquareClient.m in Sources */,
				4ADAAE6913C628BD005B77DC /* SGTwitterClient.m in Sources */,
				4AC15AD213E9E86C005A09B7 /* SGHTTPClient.m in Sources */,
				4AFD5E1114059720007B61EF /* SGASIDataCompressor.m in Sources */,
				4AFD5E1314059720007B61EF /* SGASIDataDecompressor.m in Sources */,
				4AFD5E1514059720007B61EF /* SGASIDownloadCache.m in Sources */,
				4AFD5E1714059720007B61EF /* SGASIFormDataRequest.m in Sources */,
				4AFD5E1914059720007B61EF /* SGASIHTTPRequest.m in Sources */,
				4AFD5E1D14059720007B61EF /* SGASIInputStream.m in Sources */,
				4AFD5E1F14059720007B61EF /* SGASINetworkQueue.m in Sources */,
				4AFD5E2214059720007B61EF /* SGReachability.m in Sources */,
				4AFD5E2414059720007B61EF /* SGASIFormDataRequest+OAuth.m in Sources */,
				4AFD5E2614059720007B61EF /* SGASIHTTPRequest+OAuth.m in Sources */,
				4AFD5E2814059720007B61EF /* SGNSData+Base64.m in Sources */,
				4AFD5E2A14059720007B61EF /* SGNSString+URLEncode.m in Sources */,
				4AFD5E2C14059720007B61EF /* SGJSONKit.m in Sources */,
				4AFD5E3014059734007B61EF /* SGCallback.m in Sources */,
			);
			runOnlyForDeploymentPostprocessing = 0;
		};
/* End PBXSourcesBuildPhase section */

/* Begin PBXTargetDependency section */
		4A1D6A4613CD176F0084A060 /* PBXTargetDependency */ = {
			isa = PBXTargetDependency;
			target = 4ADAAB6D13C52060005B77DC /* SGGimmeAPI */;
			targetProxy = 4A1D6A4513CD176F0084A060 /* PBXContainerItemProxy */;
		};
/* End PBXTargetDependency section */

/* Begin PBXVariantGroup section */
		4A1D6A2F13CD10870084A060 /* InfoPlist.strings */ = {
			isa = PBXVariantGroup;
			children = (
				4A1D6A3013CD10870084A060 /* en */,
			);
			name = InfoPlist.strings;
			sourceTree = "<group>";
		};
/* End PBXVariantGroup section */

/* Begin XCBuildConfiguration section */
		4A1D6A3C13CD10870084A060 /* Debug */ = {
			isa = XCBuildConfiguration;
			buildSettings = {
				ALWAYS_SEARCH_USER_PATHS = NO;
				"CODE_SIGN_IDENTITY[sdk=iphoneos*]" = "iPhone Developer";
				COPY_PHASE_STRIP = NO;
				FRAMEWORK_SEARCH_PATHS = (
					"$(inherited)",
					"\"$(SRCROOT)/Tests\"",
				);
				GCC_DYNAMIC_NO_PIC = NO;
				GCC_PRECOMPILE_PREFIX_HEADER = YES;
				GCC_PREFIX_HEADER = "Tests/Tests-Prefix.pch";
				INFOPLIST_FILE = "Tests/Tests-Info.plist";
				OTHER_LDFLAGS = (
					"-ObjC",
					"-all_load",
				);
				PRODUCT_NAME = "$(TARGET_NAME)";
				WRAPPER_EXTENSION = app;
			};
			name = Debug;
		};
		4A1D6A3D13CD10870084A060 /* Release */ = {
			isa = XCBuildConfiguration;
			buildSettings = {
				ALWAYS_SEARCH_USER_PATHS = NO;
				"CODE_SIGN_IDENTITY[sdk=iphoneos*]" = "iPhone Developer";
				COPY_PHASE_STRIP = YES;
				FRAMEWORK_SEARCH_PATHS = (
					"$(inherited)",
					"\"$(SRCROOT)/Tests\"",
				);
				GCC_PRECOMPILE_PREFIX_HEADER = YES;
				GCC_PREFIX_HEADER = "Tests/Tests-Prefix.pch";
				INFOPLIST_FILE = "Tests/Tests-Info.plist";
				OTHER_CFLAGS = "-DNS_BLOCK_ASSERTIONS=1";
				OTHER_LDFLAGS = (
					"-ObjC",
					"-all_load",
				);
				PRODUCT_NAME = "$(TARGET_NAME)";
				VALIDATE_PRODUCT = YES;
				WRAPPER_EXTENSION = app;
			};
			name = Release;
		};
		4ADAAB7613C52060005B77DC /* Debug */ = {
			isa = XCBuildConfiguration;
			buildSettings = {
				ARCHS = "$(ARCHS_STANDARD_32_BIT)";
				GCC_C_LANGUAGE_STANDARD = gnu99;
				GCC_OPTIMIZATION_LEVEL = 0;
				GCC_PREPROCESSOR_DEFINITIONS = DEBUG;
				GCC_SYMBOLS_PRIVATE_EXTERN = NO;
				GCC_VERSION = com.apple.compilers.llvmgcc42;
				GCC_WARN_ABOUT_RETURN_TYPE = YES;
				GCC_WARN_UNUSED_VARIABLE = YES;
				IPHONEOS_DEPLOYMENT_TARGET = 4.3;
				SDKROOT = iphoneos;
			};
			name = Debug;
		};
		4ADAAB7713C52060005B77DC /* Release */ = {
			isa = XCBuildConfiguration;
			buildSettings = {
				ARCHS = "$(ARCHS_STANDARD_32_BIT)";
				GCC_C_LANGUAGE_STANDARD = gnu99;
				GCC_VERSION = com.apple.compilers.llvmgcc42;
				GCC_WARN_ABOUT_RETURN_TYPE = YES;
				GCC_WARN_UNUSED_VARIABLE = YES;
				IPHONEOS_DEPLOYMENT_TARGET = 4.3;
				SDKROOT = iphoneos;
			};
			name = Release;
		};
		4ADAAB7913C52060005B77DC /* Debug */ = {
			isa = XCBuildConfiguration;
			buildSettings = {
				ALWAYS_SEARCH_USER_PATHS = NO;
				DSTROOT = /tmp/SGGimmeAPI.dst;
				FRAMEWORK_SEARCH_PATHS = (
					"$(inherited)",
					"\"$(DEVELOPER_FRAMEWORKS_DIR)\"",
					"\"$(SRCROOT)/Tests\"",
				);
				GCC_PRECOMPILE_PREFIX_HEADER = YES;
				GCC_PREFIX_HEADER = "SGGimmeAPI/SGGimmeAPI-Prefix.pch";
				OTHER_LDFLAGS = "-ObjC";
				PRODUCT_NAME = "$(TARGET_NAME)";
			};
			name = Debug;
		};
		4ADAAB7A13C52060005B77DC /* Release */ = {
			isa = XCBuildConfiguration;
			buildSettings = {
				ALWAYS_SEARCH_USER_PATHS = NO;
				DSTROOT = /tmp/SGGimmeAPI.dst;
				FRAMEWORK_SEARCH_PATHS = (
					"$(inherited)",
					"\"$(DEVELOPER_FRAMEWORKS_DIR)\"",
					"\"$(SRCROOT)/Tests\"",
				);
				GCC_PRECOMPILE_PREFIX_HEADER = YES;
				GCC_PREFIX_HEADER = "SGGimmeAPI/SGGimmeAPI-Prefix.pch";
				OTHER_LDFLAGS = "-ObjC";
				PRODUCT_NAME = "$(TARGET_NAME)";
			};
			name = Release;
		};
/* End XCBuildConfiguration section */

/* Begin XCConfigurationList section */
		4A1D6A3B13CD10870084A060 /* Build configuration list for PBXNativeTarget "Tests" */ = {
			isa = XCConfigurationList;
			buildConfigurations = (
				4A1D6A3C13CD10870084A060 /* Debug */,
				4A1D6A3D13CD10870084A060 /* Release */,
			);
			defaultConfigurationIsVisible = 0;
			defaultConfigurationName = Release;
		};
		4ADAAB6813C5205F005B77DC /* Build configuration list for PBXProject "SGGimmeAPI" */ = {
			isa = XCConfigurationList;
			buildConfigurations = (
				4ADAAB7613C52060005B77DC /* Debug */,
				4ADAAB7713C52060005B77DC /* Release */,
			);
			defaultConfigurationIsVisible = 0;
			defaultConfigurationName = Release;
		};
		4ADAAB7813C52060005B77DC /* Build configuration list for PBXNativeTarget "SGGimmeAPI" */ = {
			isa = XCConfigurationList;
			buildConfigurations = (
				4ADAAB7913C52060005B77DC /* Debug */,
				4ADAAB7A13C52060005B77DC /* Release */,
			);
			defaultConfigurationIsVisible = 0;
			defaultConfigurationName = Release;
		};
/* End XCConfigurationList section */
	};
	rootObject = 4ADAAB6513C5205F005B77DC /* Project object */;
}
