// !$*UTF8*$!
{
	archiveVersion = 1;
	classes = {
	};
	objectVersion = 46;
	objects = {

/* Begin PBXBuildFile section */
		4A1D6A2913CD10870084A060 /* UIKit.framework in Frameworks */ = {isa = PBXBuildFile; fileRef = 4A8E811413CD022C0061D3EA /* UIKit.framework */; };
		4A1D6A2A13CD10870084A060 /* Foundation.framework in Frameworks */ = {isa = PBXBuildFile; fileRef = 4ADAAB7113C52060005B77DC /* Foundation.framework */; };
		4A1D6A2B13CD10870084A060 /* CoreGraphics.framework in Frameworks */ = {isa = PBXBuildFile; fileRef = 4A8E811713CD022C0061D3EA /* CoreGraphics.framework */; };
		4A1D6A3113CD10870084A060 /* InfoPlist.strings in Resources */ = {isa = PBXBuildFile; fileRef = 4A1D6A2F13CD10870084A060 /* InfoPlist.strings */; };
		4A1D6A3E13CD11580084A060 /* GHUnitIOS.framework in Frameworks */ = {isa = PBXBuildFile; fileRef = 4A8E813F13CD0D840061D3EA /* GHUnitIOS.framework */; };
		4A1D6A4113CD126F0084A060 /* SGTwitterClientTest.m in Sources */ = {isa = PBXBuildFile; fileRef = 4A1D6A4013CD126F0084A060 /* SGTwitterClientTest.m */; };
		4A1D6A4213CD12BE0084A060 /* GHUnitTestMain.m in Sources */ = {isa = PBXBuildFile; fileRef = 4A8E813413CD0BCA0061D3EA /* GHUnitTestMain.m */; };
		4A1D6A4413CD16850084A060 /* credentials.plist in Resources */ = {isa = PBXBuildFile; fileRef = 4A1D6A4313CD16850084A060 /* credentials.plist */; };
		4A1D6A4C13CD195A0084A060 /* CFNetwork.framework in Frameworks */ = {isa = PBXBuildFile; fileRef = 4A1D6A4813CD17B90084A060 /* CFNetwork.framework */; };
		4A1D6A4E13CD19640084A060 /* SystemConfiguration.framework in Frameworks */ = {isa = PBXBuildFile; fileRef = 4A1D6A4D13CD19640084A060 /* SystemConfiguration.framework */; };
		4A1D6A4F13CD19880084A060 /* CFNetwork.framework in Frameworks */ = {isa = PBXBuildFile; fileRef = 4A1D6A4813CD17B90084A060 /* CFNetwork.framework */; };
		4A1D6A5013CD19940084A060 /* SystemConfiguration.framework in Frameworks */ = {isa = PBXBuildFile; fileRef = 4A1D6A4D13CD19640084A060 /* SystemConfiguration.framework */; };
		4A1D6A5213CD19E60084A060 /* MobileCoreServices.framework in Frameworks */ = {isa = PBXBuildFile; fileRef = 4A1D6A5113CD19E60084A060 /* MobileCoreServices.framework */; };
		4A1D6A5313CD19F10084A060 /* libSGGimmeAPI.a in Frameworks */ = {isa = PBXBuildFile; fileRef = 4A8E814113CD0D840061D3EA /* libSGGimmeAPI.a */; };
		4A1D6A5513CD1A4E0084A060 /* libz.dylib in Frameworks */ = {isa = PBXBuildFile; fileRef = 4A1D6A5413CD1A4E0084A060 /* libz.dylib */; };
		4A1D6A7E13CF60060084A060 /* SGFoursquareClientTest.m in Sources */ = {isa = PBXBuildFile; fileRef = 4A1D6A7D13CF60060084A060 /* SGFoursquareClientTest.m */; };
		4ADAAB7213C52060005B77DC /* Foundation.framework in Frameworks */ = {isa = PBXBuildFile; fileRef = 4ADAAB7113C52060005B77DC /* Foundation.framework */; };
		4ADAACB513C5217A005B77DC /* ASIAuthenticationDialog.h in Headers */ = {isa = PBXBuildFile; fileRef = 4ADAABA913C52179005B77DC /* ASIAuthenticationDialog.h */; };
		4ADAACB613C5217A005B77DC /* ASIAuthenticationDialog.m in Sources */ = {isa = PBXBuildFile; fileRef = 4ADAABAA13C52179005B77DC /* ASIAuthenticationDialog.m */; };
		4ADAACB713C5217A005B77DC /* ASICacheDelegate.h in Headers */ = {isa = PBXBuildFile; fileRef = 4ADAABAB13C52179005B77DC /* ASICacheDelegate.h */; };
		4ADAACB813C5217A005B77DC /* ASIDataCompressor.h in Headers */ = {isa = PBXBuildFile; fileRef = 4ADAABAC13C52179005B77DC /* ASIDataCompressor.h */; };
		4ADAACB913C5217A005B77DC /* ASIDataCompressor.m in Sources */ = {isa = PBXBuildFile; fileRef = 4ADAABAD13C52179005B77DC /* ASIDataCompressor.m */; };
		4ADAACBA13C5217A005B77DC /* ASIDataDecompressor.h in Headers */ = {isa = PBXBuildFile; fileRef = 4ADAABAE13C52179005B77DC /* ASIDataDecompressor.h */; };
		4ADAACBB13C5217A005B77DC /* ASIDataDecompressor.m in Sources */ = {isa = PBXBuildFile; fileRef = 4ADAABAF13C52179005B77DC /* ASIDataDecompressor.m */; };
		4ADAACBC13C5217A005B77DC /* ASIDownloadCache.h in Headers */ = {isa = PBXBuildFile; fileRef = 4ADAABB013C52179005B77DC /* ASIDownloadCache.h */; };
		4ADAACBD13C5217A005B77DC /* ASIDownloadCache.m in Sources */ = {isa = PBXBuildFile; fileRef = 4ADAABB113C52179005B77DC /* ASIDownloadCache.m */; };
		4ADAACBE13C5217A005B77DC /* ASIFormDataRequest.h in Headers */ = {isa = PBXBuildFile; fileRef = 4ADAABB213C52179005B77DC /* ASIFormDataRequest.h */; };
		4ADAACBF13C5217A005B77DC /* ASIFormDataRequest.m in Sources */ = {isa = PBXBuildFile; fileRef = 4ADAABB313C52179005B77DC /* ASIFormDataRequest.m */; };
		4ADAACC013C5217A005B77DC /* ASIHTTPRequest.h in Headers */ = {isa = PBXBuildFile; fileRef = 4ADAABB413C52179005B77DC /* ASIHTTPRequest.h */; };
		4ADAACC113C5217A005B77DC /* ASIHTTPRequest.m in Sources */ = {isa = PBXBuildFile; fileRef = 4ADAABB513C52179005B77DC /* ASIHTTPRequest.m */; };
		4ADAACC213C5217A005B77DC /* ASIHTTPRequestConfig.h in Headers */ = {isa = PBXBuildFile; fileRef = 4ADAABB613C52179005B77DC /* ASIHTTPRequestConfig.h */; };
		4ADAACC313C5217A005B77DC /* ASIHTTPRequestDelegate.h in Headers */ = {isa = PBXBuildFile; fileRef = 4ADAABB713C52179005B77DC /* ASIHTTPRequestDelegate.h */; };
		4ADAACC413C5217A005B77DC /* ASIInputStream.h in Headers */ = {isa = PBXBuildFile; fileRef = 4ADAABB813C52179005B77DC /* ASIInputStream.h */; };
		4ADAACC513C5217A005B77DC /* ASIInputStream.m in Sources */ = {isa = PBXBuildFile; fileRef = 4ADAABB913C52179005B77DC /* ASIInputStream.m */; };
		4ADAACC613C5217A005B77DC /* ASINetworkQueue.h in Headers */ = {isa = PBXBuildFile; fileRef = 4ADAABBA13C52179005B77DC /* ASINetworkQueue.h */; };
		4ADAACC713C5217A005B77DC /* ASINetworkQueue.m in Sources */ = {isa = PBXBuildFile; fileRef = 4ADAABBB13C52179005B77DC /* ASINetworkQueue.m */; };
		4ADAACC813C5217A005B77DC /* ASIProgressDelegate.h in Headers */ = {isa = PBXBuildFile; fileRef = 4ADAABBC13C52179005B77DC /* ASIProgressDelegate.h */; };
		4ADAAD0313C5217A005B77DC /* Reachability.h in Headers */ = {isa = PBXBuildFile; fileRef = 4ADAAC0013C52179005B77DC /* Reachability.h */; };
		4ADAAD0413C5217A005B77DC /* Reachability.m in Sources */ = {isa = PBXBuildFile; fileRef = 4ADAAC0113C52179005B77DC /* Reachability.m */; };
		4ADAAD2613C5217A005B77DC /* ASIFormDataRequest+OAuth.h in Headers */ = {isa = PBXBuildFile; fileRef = 4ADAAC9F13C52179005B77DC /* ASIFormDataRequest+OAuth.h */; };
		4ADAAD2713C5217A005B77DC /* ASIFormDataRequest+OAuth.m in Sources */ = {isa = PBXBuildFile; fileRef = 4ADAACA013C52179005B77DC /* ASIFormDataRequest+OAuth.m */; };
		4ADAAD2813C5217A005B77DC /* ASIHTTPRequest+OAuth.h in Headers */ = {isa = PBXBuildFile; fileRef = 4ADAACA113C52179005B77DC /* ASIHTTPRequest+OAuth.h */; };
		4ADAAD2913C5217A005B77DC /* ASIHTTPRequest+OAuth.m in Sources */ = {isa = PBXBuildFile; fileRef = 4ADAACA213C52179005B77DC /* ASIHTTPRequest+OAuth.m */; };
		4ADAAD2A13C5217A005B77DC /* NSData+Base64.h in Headers */ = {isa = PBXBuildFile; fileRef = 4ADAACA413C52179005B77DC /* NSData+Base64.h */; };
		4ADAAD2B13C5217A005B77DC /* NSData+Base64.m in Sources */ = {isa = PBXBuildFile; fileRef = 4ADAACA513C52179005B77DC /* NSData+Base64.m */; };
		4ADAAD2C13C5217A005B77DC /* NSString+URLEncode.h in Headers */ = {isa = PBXBuildFile; fileRef = 4ADAACA613C52179005B77DC /* NSString+URLEncode.h */; };
		4ADAAD2D13C5217A005B77DC /* NSString+URLEncode.m in Sources */ = {isa = PBXBuildFile; fileRef = 4ADAACA713C52179005B77DC /* NSString+URLEncode.m */; };
		4ADAADDD13C522B7005B77DC /* Facebook.h in Headers */ = {isa = PBXBuildFile; fileRef = 4ADAADA213C522B7005B77DC /* Facebook.h */; };
		4ADAADDE13C522B7005B77DC /* Facebook.m in Sources */ = {isa = PBXBuildFile; fileRef = 4ADAADA313C522B7005B77DC /* Facebook.m */; };
		4ADAADE013C522B7005B77DC /* FBConnect.h in Headers */ = {isa = PBXBuildFile; fileRef = 4ADAADA513C522B7005B77DC /* FBConnect.h */; };
		4ADAADE113C522B7005B77DC /* FBDialog.h in Headers */ = {isa = PBXBuildFile; fileRef = 4ADAADA713C522B7005B77DC /* FBDialog.h */; };
		4ADAADE213C522B7005B77DC /* FBDialog.m in Sources */ = {isa = PBXBuildFile; fileRef = 4ADAADA813C522B7005B77DC /* FBDialog.m */; };
		4ADAADE313C522B7005B77DC /* FBLoginDialog.h in Headers */ = {isa = PBXBuildFile; fileRef = 4ADAADA913C522B7005B77DC /* FBLoginDialog.h */; };
		4ADAADE413C522B7005B77DC /* FBLoginDialog.m in Sources */ = {isa = PBXBuildFile; fileRef = 4ADAADAA13C522B7005B77DC /* FBLoginDialog.m */; };
		4ADAADE513C522B7005B77DC /* FBRequest.h in Headers */ = {isa = PBXBuildFile; fileRef = 4ADAADAB13C522B7005B77DC /* FBRequest.h */; };
		4ADAADE613C522B7005B77DC /* FBRequest.m in Sources */ = {isa = PBXBuildFile; fileRef = 4ADAADAC13C522B7005B77DC /* FBRequest.m */; };
		4ADAADE713C522B7005B77DC /* JSON.h in Headers */ = {isa = PBXBuildFile; fileRef = 4ADAADAE13C522B7005B77DC /* JSON.h */; };
		4ADAADE813C522B7005B77DC /* NSObject+SBJSON.h in Headers */ = {isa = PBXBuildFile; fileRef = 4ADAADAF13C522B7005B77DC /* NSObject+SBJSON.h */; };
		4ADAADE913C522B7005B77DC /* NSObject+SBJSON.m in Sources */ = {isa = PBXBuildFile; fileRef = 4ADAADB013C522B7005B77DC /* NSObject+SBJSON.m */; };
		4ADAADEA13C522B7005B77DC /* NSString+SBJSON.h in Headers */ = {isa = PBXBuildFile; fileRef = 4ADAADB113C522B7005B77DC /* NSString+SBJSON.h */; };
		4ADAADEB13C522B7005B77DC /* NSString+SBJSON.m in Sources */ = {isa = PBXBuildFile; fileRef = 4ADAADB213C522B7005B77DC /* NSString+SBJSON.m */; };
		4ADAADEC13C522B7005B77DC /* SBJSON.h in Headers */ = {isa = PBXBuildFile; fileRef = 4ADAADB313C522B7005B77DC /* SBJSON.h */; };
		4ADAADED13C522B7005B77DC /* SBJSON.m in Sources */ = {isa = PBXBuildFile; fileRef = 4ADAADB413C522B7005B77DC /* SBJSON.m */; };
		4ADAADEE13C522B7005B77DC /* SBJsonBase.h in Headers */ = {isa = PBXBuildFile; fileRef = 4ADAADB513C522B7005B77DC /* SBJsonBase.h */; };
		4ADAADEF13C522B7005B77DC /* SBJsonBase.m in Sources */ = {isa = PBXBuildFile; fileRef = 4ADAADB613C522B7005B77DC /* SBJsonBase.m */; };
		4ADAADF013C522B7005B77DC /* SBJsonParser.h in Headers */ = {isa = PBXBuildFile; fileRef = 4ADAADB713C522B7005B77DC /* SBJsonParser.h */; };
		4ADAADF113C522B7005B77DC /* SBJsonParser.m in Sources */ = {isa = PBXBuildFile; fileRef = 4ADAADB813C522B7005B77DC /* SBJsonParser.m */; };
		4ADAADF213C522B7005B77DC /* SBJsonWriter.h in Headers */ = {isa = PBXBuildFile; fileRef = 4ADAADB913C522B7005B77DC /* SBJsonWriter.h */; };
		4ADAADF313C522B7005B77DC /* SBJsonWriter.m in Sources */ = {isa = PBXBuildFile; fileRef = 4ADAADBA13C522B7005B77DC /* SBJsonWriter.m */; };
		4ADAAE6313C628B1005B77DC /* SGFoursquareClient.h in Headers */ = {isa = PBXBuildFile; fileRef = 4ADAAE6113C628B1005B77DC /* SGFoursquareClient.h */; };
		4ADAAE6413C628B1005B77DC /* SGFoursquareClient.m in Sources */ = {isa = PBXBuildFile; fileRef = 4ADAAE6213C628B1005B77DC /* SGFoursquareClient.m */; };
		4ADAAE6813C628BD005B77DC /* SGTwitterClient.h in Headers */ = {isa = PBXBuildFile; fileRef = 4ADAAE6613C628BD005B77DC /* SGTwitterClient.h */; };
		4ADAAE6913C628BD005B77DC /* SGTwitterClient.m in Sources */ = {isa = PBXBuildFile; fileRef = 4ADAAE6713C628BD005B77DC /* SGTwitterClient.m */; };
		4ADAAE7213C62A57005B77DC /* SGHTTPClient.h in Headers */ = {isa = PBXBuildFile; fileRef = 4ADAAE7013C62A57005B77DC /* SGHTTPClient.h */; };
		4ADAAE7313C62A57005B77DC /* SGHTTPClient.m in Sources */ = {isa = PBXBuildFile; fileRef = 4ADAAE7113C62A57005B77DC /* SGHTTPClient.m */; };
/* End PBXBuildFile section */

/* Begin PBXContainerItemProxy section */
		4A1D6A4513CD176F0084A060 /* PBXContainerItemProxy */ = {
			isa = PBXContainerItemProxy;
			containerPortal = 4ADAAB6513C5205F005B77DC /* Project object */;
			proxyType = 1;
			remoteGlobalIDString = 4ADAAB6D13C52060005B77DC;
			remoteInfo = SGGimmeAPI;
		};
/* End PBXContainerItemProxy section */

/* Begin PBXFileReference section */
		4A1D6A2713CD10870084A060 /* Tests.app */ = {isa = PBXFileReference; explicitFileType = wrapper.application; includeInIndex = 0; path = Tests.app; sourceTree = BUILT_PRODUCTS_DIR; };
		4A1D6A2E13CD10870084A060 /* Tests-Info.plist */ = {isa = PBXFileReference; lastKnownFileType = text.plist.xml; path = "Tests-Info.plist"; sourceTree = "<group>"; };
		4A1D6A3013CD10870084A060 /* en */ = {isa = PBXFileReference; lastKnownFileType = text.plist.strings; name = en; path = en.lproj/InfoPlist.strings; sourceTree = "<group>"; };
		4A1D6A3213CD10870084A060 /* Tests-Prefix.pch */ = {isa = PBXFileReference; lastKnownFileType = sourcecode.c.h; path = "Tests-Prefix.pch"; sourceTree = "<group>"; };
		4A1D6A4013CD126F0084A060 /* SGTwitterClientTest.m */ = {isa = PBXFileReference; fileEncoding = 4; lastKnownFileType = sourcecode.c.objc; path = SGTwitterClientTest.m; sourceTree = "<group>"; };
		4A1D6A4313CD16850084A060 /* credentials.plist */ = {isa = PBXFileReference; fileEncoding = 4; lastKnownFileType = text.plist.xml; path = credentials.plist; sourceTree = "<group>"; };
		4A1D6A4813CD17B90084A060 /* CFNetwork.framework */ = {isa = PBXFileReference; lastKnownFileType = wrapper.framework; name = CFNetwork.framework; path = System/Library/Frameworks/CFNetwork.framework; sourceTree = SDKROOT; };
		4A1D6A4D13CD19640084A060 /* SystemConfiguration.framework */ = {isa = PBXFileReference; lastKnownFileType = wrapper.framework; name = SystemConfiguration.framework; path = System/Library/Frameworks/SystemConfiguration.framework; sourceTree = SDKROOT; };
		4A1D6A5113CD19E60084A060 /* MobileCoreServices.framework */ = {isa = PBXFileReference; lastKnownFileType = wrapper.framework; name = MobileCoreServices.framework; path = System/Library/Frameworks/MobileCoreServices.framework; sourceTree = SDKROOT; };
		4A1D6A5413CD1A4E0084A060 /* libz.dylib */ = {isa = PBXFileReference; lastKnownFileType = "compiled.mach-o.dylib"; name = libz.dylib; path = usr/lib/libz.dylib; sourceTree = SDKROOT; };
		4A1D6A7D13CF60060084A060 /* SGFoursquareClientTest.m */ = {isa = PBXFileReference; fileEncoding = 4; lastKnownFileType = sourcecode.c.objc; path = SGFoursquareClientTest.m; sourceTree = "<group>"; };
		4A8E811413CD022C0061D3EA /* UIKit.framework */ = {isa = PBXFileReference; lastKnownFileType = wrapper.framework; name = UIKit.framework; path = System/Library/Frameworks/UIKit.framework; sourceTree = SDKROOT; };
		4A8E811713CD022C0061D3EA /* CoreGraphics.framework */ = {isa = PBXFileReference; lastKnownFileType = wrapper.framework; name = CoreGraphics.framework; path = System/Library/Frameworks/CoreGraphics.framework; sourceTree = SDKROOT; };
		4A8E813413CD0BCA0061D3EA /* GHUnitTestMain.m */ = {isa = PBXFileReference; fileEncoding = 4; lastKnownFileType = sourcecode.c.objc; path = GHUnitTestMain.m; sourceTree = "<group>"; };
		4A8E813F13CD0D840061D3EA /* GHUnitIOS.framework */ = {isa = PBXFileReference; lastKnownFileType = wrapper.framework; path = GHUnitIOS.framework; sourceTree = "<group>"; };
		4A8E814113CD0D840061D3EA /* libSGGimmeAPI.a */ = {isa = PBXFileReference; explicitFileType = archive.ar; includeInIndex = 0; path = libSGGimmeAPI.a; sourceTree = BUILT_PRODUCTS_DIR; };
		4ADAAB7113C52060005B77DC /* Foundation.framework */ = {isa = PBXFileReference; lastKnownFileType = wrapper.framework; name = Foundation.framework; path = System/Library/Frameworks/Foundation.framework; sourceTree = SDKROOT; };
		4ADAAB7513C52060005B77DC /* SGGimmeAPI-Prefix.pch */ = {isa = PBXFileReference; lastKnownFileType = sourcecode.c.h; path = "SGGimmeAPI-Prefix.pch"; sourceTree = "<group>"; };
		4ADAABA913C52179005B77DC /* ASIAuthenticationDialog.h */ = {isa = PBXFileReference; fileEncoding = 4; lastKnownFileType = sourcecode.c.h; path = ASIAuthenticationDialog.h; sourceTree = "<group>"; };
		4ADAABAA13C52179005B77DC /* ASIAuthenticationDialog.m */ = {isa = PBXFileReference; fileEncoding = 4; lastKnownFileType = sourcecode.c.objc; path = ASIAuthenticationDialog.m; sourceTree = "<group>"; };
		4ADAABAB13C52179005B77DC /* ASICacheDelegate.h */ = {isa = PBXFileReference; fileEncoding = 4; lastKnownFileType = sourcecode.c.h; path = ASICacheDelegate.h; sourceTree = "<group>"; };
		4ADAABAC13C52179005B77DC /* ASIDataCompressor.h */ = {isa = PBXFileReference; fileEncoding = 4; lastKnownFileType = sourcecode.c.h; path = ASIDataCompressor.h; sourceTree = "<group>"; };
		4ADAABAD13C52179005B77DC /* ASIDataCompressor.m */ = {isa = PBXFileReference; fileEncoding = 4; lastKnownFileType = sourcecode.c.objc; path = ASIDataCompressor.m; sourceTree = "<group>"; };
		4ADAABAE13C52179005B77DC /* ASIDataDecompressor.h */ = {isa = PBXFileReference; fileEncoding = 4; lastKnownFileType = sourcecode.c.h; path = ASIDataDecompressor.h; sourceTree = "<group>"; };
		4ADAABAF13C52179005B77DC /* ASIDataDecompressor.m */ = {isa = PBXFileReference; fileEncoding = 4; lastKnownFileType = sourcecode.c.objc; path = ASIDataDecompressor.m; sourceTree = "<group>"; };
		4ADAABB013C52179005B77DC /* ASIDownloadCache.h */ = {isa = PBXFileReference; fileEncoding = 4; lastKnownFileType = sourcecode.c.h; path = ASIDownloadCache.h; sourceTree = "<group>"; };
		4ADAABB113C52179005B77DC /* ASIDownloadCache.m */ = {isa = PBXFileReference; fileEncoding = 4; lastKnownFileType = sourcecode.c.objc; path = ASIDownloadCache.m; sourceTree = "<group>"; };
		4ADAABB213C52179005B77DC /* ASIFormDataRequest.h */ = {isa = PBXFileReference; fileEncoding = 4; lastKnownFileType = sourcecode.c.h; path = ASIFormDataRequest.h; sourceTree = "<group>"; };
		4ADAABB313C52179005B77DC /* ASIFormDataRequest.m */ = {isa = PBXFileReference; fileEncoding = 4; lastKnownFileType = sourcecode.c.objc; path = ASIFormDataRequest.m; sourceTree = "<group>"; };
		4ADAABB413C52179005B77DC /* ASIHTTPRequest.h */ = {isa = PBXFileReference; fileEncoding = 4; lastKnownFileType = sourcecode.c.h; path = ASIHTTPRequest.h; sourceTree = "<group>"; };
		4ADAABB513C52179005B77DC /* ASIHTTPRequest.m */ = {isa = PBXFileReference; fileEncoding = 4; lastKnownFileType = sourcecode.c.objc; path = ASIHTTPRequest.m; sourceTree = "<group>"; };
		4ADAABB613C52179005B77DC /* ASIHTTPRequestConfig.h */ = {isa = PBXFileReference; fileEncoding = 4; lastKnownFileType = sourcecode.c.h; path = ASIHTTPRequestConfig.h; sourceTree = "<group>"; };
		4ADAABB713C52179005B77DC /* ASIHTTPRequestDelegate.h */ = {isa = PBXFileReference; fileEncoding = 4; lastKnownFileType = sourcecode.c.h; path = ASIHTTPRequestDelegate.h; sourceTree = "<group>"; };
		4ADAABB813C52179005B77DC /* ASIInputStream.h */ = {isa = PBXFileReference; fileEncoding = 4; lastKnownFileType = sourcecode.c.h; path = ASIInputStream.h; sourceTree = "<group>"; };
		4ADAABB913C52179005B77DC /* ASIInputStream.m */ = {isa = PBXFileReference; fileEncoding = 4; lastKnownFileType = sourcecode.c.objc; path = ASIInputStream.m; sourceTree = "<group>"; };
		4ADAABBA13C52179005B77DC /* ASINetworkQueue.h */ = {isa = PBXFileReference; fileEncoding = 4; lastKnownFileType = sourcecode.c.h; path = ASINetworkQueue.h; sourceTree = "<group>"; };
		4ADAABBB13C52179005B77DC /* ASINetworkQueue.m */ = {isa = PBXFileReference; fileEncoding = 4; lastKnownFileType = sourcecode.c.objc; path = ASINetworkQueue.m; sourceTree = "<group>"; };
		4ADAABBC13C52179005B77DC /* ASIProgressDelegate.h */ = {isa = PBXFileReference; fileEncoding = 4; lastKnownFileType = sourcecode.c.h; path = ASIProgressDelegate.h; sourceTree = "<group>"; };
		4ADAABFE13C52179005B77DC /* README-GHUnit */ = {isa = PBXFileReference; fileEncoding = 4; lastKnownFileType = text; path = "README-GHUnit"; sourceTree = "<group>"; };
		4ADAAC0013C52179005B77DC /* Reachability.h */ = {isa = PBXFileReference; fileEncoding = 4; lastKnownFileType = sourcecode.c.h; path = Reachability.h; sourceTree = "<group>"; };
		4ADAAC0113C52179005B77DC /* Reachability.m */ = {isa = PBXFileReference; fileEncoding = 4; lastKnownFileType = sourcecode.c.objc; path = Reachability.m; sourceTree = "<group>"; };
		4ADAAC9F13C52179005B77DC /* ASIFormDataRequest+OAuth.h */ = {isa = PBXFileReference; fileEncoding = 4; lastKnownFileType = sourcecode.c.h; path = "ASIFormDataRequest+OAuth.h"; sourceTree = "<group>"; };
		4ADAACA013C52179005B77DC /* ASIFormDataRequest+OAuth.m */ = {isa = PBXFileReference; fileEncoding = 4; lastKnownFileType = sourcecode.c.objc; path = "ASIFormDataRequest+OAuth.m"; sourceTree = "<group>"; };
		4ADAACA113C52179005B77DC /* ASIHTTPRequest+OAuth.h */ = {isa = PBXFileReference; fileEncoding = 4; lastKnownFileType = sourcecode.c.h; path = "ASIHTTPRequest+OAuth.h"; sourceTree = "<group>"; };
		4ADAACA213C52179005B77DC /* ASIHTTPRequest+OAuth.m */ = {isa = PBXFileReference; fileEncoding = 4; lastKnownFileType = sourcecode.c.objc; path = "ASIHTTPRequest+OAuth.m"; sourceTree = "<group>"; };
		4ADAACA413C52179005B77DC /* NSData+Base64.h */ = {isa = PBXFileReference; fileEncoding = 4; lastKnownFileType = sourcecode.c.h; path = "NSData+Base64.h"; sourceTree = "<group>"; };
		4ADAACA513C52179005B77DC /* NSData+Base64.m */ = {isa = PBXFileReference; fileEncoding = 4; lastKnownFileType = sourcecode.c.objc; path = "NSData+Base64.m"; sourceTree = "<group>"; };
		4ADAACA613C52179005B77DC /* NSString+URLEncode.h */ = {isa = PBXFileReference; fileEncoding = 4; lastKnownFileType = sourcecode.c.h; path = "NSString+URLEncode.h"; sourceTree = "<group>"; };
		4ADAACA713C52179005B77DC /* NSString+URLEncode.m */ = {isa = PBXFileReference; fileEncoding = 4; lastKnownFileType = sourcecode.c.objc; path = "NSString+URLEncode.m"; sourceTree = "<group>"; };
		4ADAADA213C522B7005B77DC /* Facebook.h */ = {isa = PBXFileReference; fileEncoding = 4; lastKnownFileType = sourcecode.c.h; path = Facebook.h; sourceTree = "<group>"; };
		4ADAADA313C522B7005B77DC /* Facebook.m */ = {isa = PBXFileReference; fileEncoding = 4; lastKnownFileType = sourcecode.c.objc; path = Facebook.m; sourceTree = "<group>"; };
		4ADAADA513C522B7005B77DC /* FBConnect.h */ = {isa = PBXFileReference; fileEncoding = 4; lastKnownFileType = sourcecode.c.h; path = FBConnect.h; sourceTree = "<group>"; };
		4ADAADA613C522B7005B77DC /* FBDialog.bundle */ = {isa = PBXFileReference; lastKnownFileType = "wrapper.plug-in"; path = FBDialog.bundle; sourceTree = "<group>"; };
		4ADAADA713C522B7005B77DC /* FBDialog.h */ = {isa = PBXFileReference; fileEncoding = 4; lastKnownFileType = sourcecode.c.h; path = FBDialog.h; sourceTree = "<group>"; };
		4ADAADA813C522B7005B77DC /* FBDialog.m */ = {isa = PBXFileReference; fileEncoding = 4; lastKnownFileType = sourcecode.c.objc; path = FBDialog.m; sourceTree = "<group>"; };
		4ADAADA913C522B7005B77DC /* FBLoginDialog.h */ = {isa = PBXFileReference; fileEncoding = 4; lastKnownFileType = sourcecode.c.h; path = FBLoginDialog.h; sourceTree = "<group>"; };
		4ADAADAA13C522B7005B77DC /* FBLoginDialog.m */ = {isa = PBXFileReference; fileEncoding = 4; lastKnownFileType = sourcecode.c.objc; path = FBLoginDialog.m; sourceTree = "<group>"; };
		4ADAADAB13C522B7005B77DC /* FBRequest.h */ = {isa = PBXFileReference; fileEncoding = 4; lastKnownFileType = sourcecode.c.h; path = FBRequest.h; sourceTree = "<group>"; };
		4ADAADAC13C522B7005B77DC /* FBRequest.m */ = {isa = PBXFileReference; fileEncoding = 4; lastKnownFileType = sourcecode.c.objc; path = FBRequest.m; sourceTree = "<group>"; };
		4ADAADAE13C522B7005B77DC /* JSON.h */ = {isa = PBXFileReference; fileEncoding = 4; lastKnownFileType = sourcecode.c.h; path = JSON.h; sourceTree = "<group>"; };
		4ADAADAF13C522B7005B77DC /* NSObject+SBJSON.h */ = {isa = PBXFileReference; fileEncoding = 4; lastKnownFileType = sourcecode.c.h; path = "NSObject+SBJSON.h"; sourceTree = "<group>"; };
		4ADAADB013C522B7005B77DC /* NSObject+SBJSON.m */ = {isa = PBXFileReference; fileEncoding = 4; lastKnownFileType = sourcecode.c.objc; path = "NSObject+SBJSON.m"; sourceTree = "<group>"; };
		4ADAADB113C522B7005B77DC /* NSString+SBJSON.h */ = {isa = PBXFileReference; fileEncoding = 4; lastKnownFileType = sourcecode.c.h; path = "NSString+SBJSON.h"; sourceTree = "<group>"; };
		4ADAADB213C522B7005B77DC /* NSString+SBJSON.m */ = {isa = PBXFileReference; fileEncoding = 4; lastKnownFileType = sourcecode.c.objc; path = "NSString+SBJSON.m"; sourceTree = "<group>"; };
		4ADAADB313C522B7005B77DC /* SBJSON.h */ = {isa = PBXFileReference; fileEncoding = 4; lastKnownFileType = sourcecode.c.h; path = SBJSON.h; sourceTree = "<group>"; };
		4ADAADB413C522B7005B77DC /* SBJSON.m */ = {isa = PBXFileReference; fileEncoding = 4; lastKnownFileType = sourcecode.c.objc; path = SBJSON.m; sourceTree = "<group>"; };
		4ADAADB513C522B7005B77DC /* SBJsonBase.h */ = {isa = PBXFileReference; fileEncoding = 4; lastKnownFileType = sourcecode.c.h; path = SBJsonBase.h; sourceTree = "<group>"; };
		4ADAADB613C522B7005B77DC /* SBJsonBase.m */ = {isa = PBXFileReference; fileEncoding = 4; lastKnownFileType = sourcecode.c.objc; path = SBJsonBase.m; sourceTree = "<group>"; };
		4ADAADB713C522B7005B77DC /* SBJsonParser.h */ = {isa = PBXFileReference; fileEncoding = 4; lastKnownFileType = sourcecode.c.h; path = SBJsonParser.h; sourceTree = "<group>"; };
		4ADAADB813C522B7005B77DC /* SBJsonParser.m */ = {isa = PBXFileReference; fileEncoding = 4; lastKnownFileType = sourcecode.c.objc; path = SBJsonParser.m; sourceTree = "<group>"; };
		4ADAADB913C522B7005B77DC /* SBJsonWriter.h */ = {isa = PBXFileReference; fileEncoding = 4; lastKnownFileType = sourcecode.c.h; path = SBJsonWriter.h; sourceTree = "<group>"; };
		4ADAADBA13C522B7005B77DC /* SBJsonWriter.m */ = {isa = PBXFileReference; fileEncoding = 4; lastKnownFileType = sourcecode.c.objc; path = SBJsonWriter.m; sourceTree = "<group>"; };
		4ADAAE6113C628B1005B77DC /* SGFoursquareClient.h */ = {isa = PBXFileReference; fileEncoding = 4; lastKnownFileType = sourcecode.c.h; path = SGFoursquareClient.h; sourceTree = "<group>"; };
		4ADAAE6213C628B1005B77DC /* SGFoursquareClient.m */ = {isa = PBXFileReference; fileEncoding = 4; lastKnownFileType = sourcecode.c.objc; path = SGFoursquareClient.m; sourceTree = "<group>"; };
		4ADAAE6613C628BD005B77DC /* SGTwitterClient.h */ = {isa = PBXFileReference; fileEncoding = 4; lastKnownFileType = sourcecode.c.h; path = SGTwitterClient.h; sourceTree = "<group>"; };
		4ADAAE6713C628BD005B77DC /* SGTwitterClient.m */ = {isa = PBXFileReference; fileEncoding = 4; lastKnownFileType = sourcecode.c.objc; path = SGTwitterClient.m; sourceTree = "<group>"; };
		4ADAAE7013C62A57005B77DC /* SGHTTPClient.h */ = {isa = PBXFileReference; fileEncoding = 4; lastKnownFileType = sourcecode.c.h; path = SGHTTPClient.h; sourceTree = "<group>"; };
		4ADAAE7113C62A57005B77DC /* SGHTTPClient.m */ = {isa = PBXFileReference; fileEncoding = 4; lastKnownFileType = sourcecode.c.objc; path = SGHTTPClient.m; sourceTree = "<group>"; };
/* End PBXFileReference section */

/* Begin PBXFrameworksBuildPhase section */
		4A1D6A2413CD10870084A060 /* Frameworks */ = {
			isa = PBXFrameworksBuildPhase;
			buildActionMask = 2147483647;
			files = (
				4A1D6A5513CD1A4E0084A060 /* libz.dylib in Frameworks */,
				4A1D6A5313CD19F10084A060 /* libSGGimmeAPI.a in Frameworks */,
				4A1D6A5213CD19E60084A060 /* MobileCoreServices.framework in Frameworks */,
				4A1D6A2913CD10870084A060 /* UIKit.framework in Frameworks */,
				4A1D6A2A13CD10870084A060 /* Foundation.framework in Frameworks */,
				4A1D6A2B13CD10870084A060 /* CoreGraphics.framework in Frameworks */,
				4A1D6A3E13CD11580084A060 /* GHUnitIOS.framework in Frameworks */,
				4A1D6A4F13CD19880084A060 /* CFNetwork.framework in Frameworks */,
				4A1D6A5013CD19940084A060 /* SystemConfiguration.framework in Frameworks */,
			);
			runOnlyForDeploymentPostprocessing = 0;
		};
		4ADAAB6B13C52060005B77DC /* Frameworks */ = {
			isa = PBXFrameworksBuildPhase;
			buildActionMask = 2147483647;
			files = (
				4A1D6A4E13CD19640084A060 /* SystemConfiguration.framework in Frameworks */,
				4ADAAB7213C52060005B77DC /* Foundation.framework in Frameworks */,
				4A1D6A4C13CD195A0084A060 /* CFNetwork.framework in Frameworks */,
			);
			runOnlyForDeploymentPostprocessing = 0;
		};
/* End PBXFrameworksBuildPhase section */

/* Begin PBXGroup section */
		4A1D6A2C13CD10870084A060 /* Tests */ = {
			isa = PBXGroup;
			children = (
				4A8E813413CD0BCA0061D3EA /* GHUnitTestMain.m */,
				4A1D6A2D13CD10870084A060 /* Supporting Files */,
				4A1D6A4013CD126F0084A060 /* SGTwitterClientTest.m */,
				4A1D6A4313CD16850084A060 /* credentials.plist */,
				4A1D6A7D13CF60060084A060 /* SGFoursquareClientTest.m */,
			);
			path = Tests;
			sourceTree = "<group>";
		};
		4A1D6A2D13CD10870084A060 /* Supporting Files */ = {
			isa = PBXGroup;
			children = (
				4A8E813F13CD0D840061D3EA /* GHUnitIOS.framework */,
				4A1D6A2E13CD10870084A060 /* Tests-Info.plist */,
				4A1D6A2F13CD10870084A060 /* InfoPlist.strings */,
				4A1D6A3213CD10870084A060 /* Tests-Prefix.pch */,
			);
			name = "Supporting Files";
			sourceTree = "<group>";
		};
		4ADAAB6313C5205F005B77DC = {
			isa = PBXGroup;
			children = (
				4A1D6A5113CD19E60084A060 /* MobileCoreServices.framework */,
				4ADAAB7313C52060005B77DC /* SGGimmeAPI */,
				4A1D6A2C13CD10870084A060 /* Tests */,
				4ADAAB7013C52060005B77DC /* Frameworks */,
				4ADAAB6F13C52060005B77DC /* Products */,
			);
			sourceTree = "<group>";
		};
		4ADAAB6F13C52060005B77DC /* Products */ = {
			isa = PBXGroup;
			children = (
				4A1D6A2713CD10870084A060 /* Tests.app */,
			);
			name = Products;
			sourceTree = "<group>";
		};
		4ADAAB7013C52060005B77DC /* Frameworks */ = {
			isa = PBXGroup;
			children = (
				4A1D6A5413CD1A4E0084A060 /* libz.dylib */,
				4A8E814113CD0D840061D3EA /* libSGGimmeAPI.a */,
				4A1D6A4D13CD19640084A060 /* SystemConfiguration.framework */,
				4A1D6A4813CD17B90084A060 /* CFNetwork.framework */,
				4ADAAB7113C52060005B77DC /* Foundation.framework */,
				4A8E811413CD022C0061D3EA /* UIKit.framework */,
				4A8E811713CD022C0061D3EA /* CoreGraphics.framework */,
			);
			name = Frameworks;
			sourceTree = "<group>";
		};
		4ADAAB7313C52060005B77DC /* SGGimmeAPI */ = {
			isa = PBXGroup;
			children = (
				4ADAAB7B13C52179005B77DC /* Resources */,
				4ADAACA913C52179005B77DC /* Classes */,
				4ADAAB7413C52060005B77DC /* Supporting Files */,
			);
			path = SGGimmeAPI;
			sourceTree = "<group>";
		};
		4ADAAB7413C52060005B77DC /* Supporting Files */ = {
			isa = PBXGroup;
			children = (
				4ADAAB7513C52060005B77DC /* SGGimmeAPI-Prefix.pch */,
			);
			name = "Supporting Files";
			sourceTree = "<group>";
		};
		4ADAAB7B13C52179005B77DC /* Resources */ = {
			isa = PBXGroup;
			children = (
				4ADAAD6413C522B7005B77DC /* facebook-ios-sdk */,
				4ADAAB7C13C52179005B77DC /* asi-http-request */,
				4ADAAC3F13C52179005B77DC /* asi-http-request-oauth */,
			);
			path = Resources;
			sourceTree = "<group>";
		};
		4ADAAB7C13C52179005B77DC /* asi-http-request */ = {
			isa = PBXGroup;
			children = (
				4ADAABA813C52179005B77DC /* Classes */,
				4ADAABFC13C52179005B77DC /* External */,
			);
			path = "asi-http-request";
			sourceTree = "<group>";
		};
		4ADAABA813C52179005B77DC /* Classes */ = {
			isa = PBXGroup;
			children = (
				4ADAABA913C52179005B77DC /* ASIAuthenticationDialog.h */,
				4ADAABAA13C52179005B77DC /* ASIAuthenticationDialog.m */,
				4ADAABAB13C52179005B77DC /* ASICacheDelegate.h */,
				4ADAABAC13C52179005B77DC /* ASIDataCompressor.h */,
				4ADAABAD13C52179005B77DC /* ASIDataCompressor.m */,
				4ADAABAE13C52179005B77DC /* ASIDataDecompressor.h */,
				4ADAABAF13C52179005B77DC /* ASIDataDecompressor.m */,
				4ADAABB013C52179005B77DC /* ASIDownloadCache.h */,
				4ADAABB113C52179005B77DC /* ASIDownloadCache.m */,
				4ADAABB213C52179005B77DC /* ASIFormDataRequest.h */,
				4ADAABB313C52179005B77DC /* ASIFormDataRequest.m */,
				4ADAABB413C52179005B77DC /* ASIHTTPRequest.h */,
				4ADAABB513C52179005B77DC /* ASIHTTPRequest.m */,
				4ADAABB613C52179005B77DC /* ASIHTTPRequestConfig.h */,
				4ADAABB713C52179005B77DC /* ASIHTTPRequestDelegate.h */,
				4ADAABB813C52179005B77DC /* ASIInputStream.h */,
				4ADAABB913C52179005B77DC /* ASIInputStream.m */,
				4ADAABBA13C52179005B77DC /* ASINetworkQueue.h */,
				4ADAABBB13C52179005B77DC /* ASINetworkQueue.m */,
				4ADAABBC13C52179005B77DC /* ASIProgressDelegate.h */,
			);
			path = Classes;
			sourceTree = "<group>";
		};
		4ADAABFC13C52179005B77DC /* External */ = {
			isa = PBXGroup;
			children = (
				4ADAABFD13C52179005B77DC /* GHUnit */,
				4ADAABFF13C52179005B77DC /* Reachability */,
			);
			path = External;
			sourceTree = "<group>";
		};
		4ADAABFD13C52179005B77DC /* GHUnit */ = {
			isa = PBXGroup;
			children = (
				4ADAABFE13C52179005B77DC /* README-GHUnit */,
			);
			path = GHUnit;
			sourceTree = "<group>";
		};
		4ADAABFF13C52179005B77DC /* Reachability */ = {
			isa = PBXGroup;
			children = (
				4ADAAC0013C52179005B77DC /* Reachability.h */,
				4ADAAC0113C52179005B77DC /* Reachability.m */,
			);
			path = Reachability;
			sourceTree = "<group>";
		};
		4ADAAC3F13C52179005B77DC /* asi-http-request-oauth */ = {
			isa = PBXGroup;
			children = (
				4ADAAC9F13C52179005B77DC /* ASIFormDataRequest+OAuth.h */,
				4ADAACA013C52179005B77DC /* ASIFormDataRequest+OAuth.m */,
				4ADAACA113C52179005B77DC /* ASIHTTPRequest+OAuth.h */,
				4ADAACA213C52179005B77DC /* ASIHTTPRequest+OAuth.m */,
				4ADAACA413C52179005B77DC /* NSData+Base64.h */,
				4ADAACA513C52179005B77DC /* NSData+Base64.m */,
				4ADAACA613C52179005B77DC /* NSString+URLEncode.h */,
				4ADAACA713C52179005B77DC /* NSString+URLEncode.m */,
			);
			path = "asi-http-request-oauth";
			sourceTree = "<group>";
		};
		4ADAACA913C52179005B77DC /* Classes */ = {
			isa = PBXGroup;
			children = (
				4ADAAE6113C628B1005B77DC /* SGFoursquareClient.h */,
				4ADAAE6213C628B1005B77DC /* SGFoursquareClient.m */,
				4ADAAE6613C628BD005B77DC /* SGTwitterClient.h */,
				4ADAAE6713C628BD005B77DC /* SGTwitterClient.m */,
				4ADAAE7013C62A57005B77DC /* SGHTTPClient.h */,
				4ADAAE7113C62A57005B77DC /* SGHTTPClient.m */,
			);
			path = Classes;
			sourceTree = "<group>";
		};
		4ADAAD6413C522B7005B77DC /* facebook-ios-sdk */ = {
			isa = PBXGroup;
			children = (
				4ADAAD9E13C522B7005B77DC /* src */,
			);
			path = "facebook-ios-sdk";
			sourceTree = "<group>";
		};
		4ADAAD9E13C522B7005B77DC /* src */ = {
			isa = PBXGroup;
			children = (
				4ADAADA213C522B7005B77DC /* Facebook.h */,
				4ADAADA313C522B7005B77DC /* Facebook.m */,
				4ADAADA513C522B7005B77DC /* FBConnect.h */,
				4ADAADA613C522B7005B77DC /* FBDialog.bundle */,
				4ADAADA713C522B7005B77DC /* FBDialog.h */,
				4ADAADA813C522B7005B77DC /* FBDialog.m */,
				4ADAADA913C522B7005B77DC /* FBLoginDialog.h */,
				4ADAADAA13C522B7005B77DC /* FBLoginDialog.m */,
				4ADAADAB13C522B7005B77DC /* FBRequest.h */,
				4ADAADAC13C522B7005B77DC /* FBRequest.m */,
				4ADAADAD13C522B7005B77DC /* JSON */,
			);
			path = src;
			sourceTree = "<group>";
		};
		4ADAADAD13C522B7005B77DC /* JSON */ = {
			isa = PBXGroup;
			children = (
				4ADAADAE13C522B7005B77DC /* JSON.h */,
				4ADAADAF13C522B7005B77DC /* NSObject+SBJSON.h */,
				4ADAADB013C522B7005B77DC /* NSObject+SBJSON.m */,
				4ADAADB113C522B7005B77DC /* NSString+SBJSON.h */,
				4ADAADB213C522B7005B77DC /* NSString+SBJSON.m */,
				4ADAADB313C522B7005B77DC /* SBJSON.h */,
				4ADAADB413C522B7005B77DC /* SBJSON.m */,
				4ADAADB513C522B7005B77DC /* SBJsonBase.h */,
				4ADAADB613C522B7005B77DC /* SBJsonBase.m */,
				4ADAADB713C522B7005B77DC /* SBJsonParser.h */,
				4ADAADB813C522B7005B77DC /* SBJsonParser.m */,
				4ADAADB913C522B7005B77DC /* SBJsonWriter.h */,
				4ADAADBA13C522B7005B77DC /* SBJsonWriter.m */,
			);
			path = JSON;
			sourceTree = "<group>";
		};
/* End PBXGroup section */

/* Begin PBXHeadersBuildPhase section */
		4ADAAB6C13C52060005B77DC /* Headers */ = {
			isa = PBXHeadersBuildPhase;
			buildActionMask = 2147483647;
			files = (
				4ADAACB513C5217A005B77DC /* ASIAuthenticationDialog.h in Headers */,
				4ADAACB713C5217A005B77DC /* ASICacheDelegate.h in Headers */,
				4ADAACB813C5217A005B77DC /* ASIDataCompressor.h in Headers */,
				4ADAACBA13C5217A005B77DC /* ASIDataDecompressor.h in Headers */,
				4ADAACBC13C5217A005B77DC /* ASIDownloadCache.h in Headers */,
				4ADAACBE13C5217A005B77DC /* ASIFormDataRequest.h in Headers */,
				4ADAACC013C5217A005B77DC /* ASIHTTPRequest.h in Headers */,
				4ADAACC213C5217A005B77DC /* ASIHTTPRequestConfig.h in Headers */,
				4ADAACC313C5217A005B77DC /* ASIHTTPRequestDelegate.h in Headers */,
				4ADAACC413C5217A005B77DC /* ASIInputStream.h in Headers */,
				4ADAACC613C5217A005B77DC /* ASINetworkQueue.h in Headers */,
				4ADAACC813C5217A005B77DC /* ASIProgressDelegate.h in Headers */,
				4ADAAD0313C5217A005B77DC /* Reachability.h in Headers */,
				4ADAAD2613C5217A005B77DC /* ASIFormDataRequest+OAuth.h in Headers */,
				4ADAAD2813C5217A005B77DC /* ASIHTTPRequest+OAuth.h in Headers */,
				4ADAAD2A13C5217A005B77DC /* NSData+Base64.h in Headers */,
				4ADAAD2C13C5217A005B77DC /* NSString+URLEncode.h in Headers */,
				4ADAADDD13C522B7005B77DC /* Facebook.h in Headers */,
				4ADAADE013C522B7005B77DC /* FBConnect.h in Headers */,
				4ADAADE113C522B7005B77DC /* FBDialog.h in Headers */,
				4ADAADE313C522B7005B77DC /* FBLoginDialog.h in Headers */,
				4ADAADE513C522B7005B77DC /* FBRequest.h in Headers */,
				4ADAADE713C522B7005B77DC /* JSON.h in Headers */,
				4ADAADE813C522B7005B77DC /* NSObject+SBJSON.h in Headers */,
				4ADAADEA13C522B7005B77DC /* NSString+SBJSON.h in Headers */,
				4ADAADEC13C522B7005B77DC /* SBJSON.h in Headers */,
				4ADAADEE13C522B7005B77DC /* SBJsonBase.h in Headers */,
				4ADAADF013C522B7005B77DC /* SBJsonParser.h in Headers */,
				4ADAADF213C522B7005B77DC /* SBJsonWriter.h in Headers */,
				4ADAAE6313C628B1005B77DC /* SGFoursquareClient.h in Headers */,
				4ADAAE6813C628BD005B77DC /* SGTwitterClient.h in Headers */,
				4ADAAE7213C62A57005B77DC /* SGHTTPClient.h in Headers */,
			);
			runOnlyForDeploymentPostprocessing = 0;
		};
/* End PBXHeadersBuildPhase section */

/* Begin PBXNativeTarget section */
		4A1D6A2613CD10870084A060 /* Tests */ = {
			isa = PBXNativeTarget;
			buildConfigurationList = 4A1D6A3B13CD10870084A060 /* Build configuration list for PBXNativeTarget "Tests" */;
			buildPhases = (
				4A1D6A2313CD10870084A060 /* Sources */,
				4A1D6A2413CD10870084A060 /* Frameworks */,
				4A1D6A2513CD10870084A060 /* Resources */,
			);
			buildRules = (
			);
			dependencies = (
				4A1D6A4613CD176F0084A060 /* PBXTargetDependency */,
			);
			name = Tests;
			productName = Tests;
			productReference = 4A1D6A2713CD10870084A060 /* Tests.app */;
			productType = "com.apple.product-type.application";
		};
		4ADAAB6D13C52060005B77DC /* SGGimmeAPI */ = {
			isa = PBXNativeTarget;
			buildConfigurationList = 4ADAAB7813C52060005B77DC /* Build configuration list for PBXNativeTarget "SGGimmeAPI" */;
			buildPhases = (
				4ADAAB6A13C52060005B77DC /* Sources */,
				4ADAAB6B13C52060005B77DC /* Frameworks */,
				4ADAAB6C13C52060005B77DC /* Headers */,
			);
			buildRules = (
			);
			dependencies = (
			);
			name = SGGimmeAPI;
			productName = SGGimmeAPI;
			productReference = 4A8E814113CD0D840061D3EA /* libSGGimmeAPI.a */;
			productType = "com.apple.product-type.library.static";
		};
/* End PBXNativeTarget section */

/* Begin PBXProject section */
		4ADAAB6513C5205F005B77DC /* Project object */ = {
			isa = PBXProject;
			attributes = {
				ORGANIZATIONNAME = SimpleGeo;
			};
			buildConfigurationList = 4ADAAB6813C5205F005B77DC /* Build configuration list for PBXProject "SGGimmeAPI" */;
			compatibilityVersion = "Xcode 3.2";
			developmentRegion = English;
			hasScannedForEncodings = 0;
			knownRegions = (
				en,
				English,
			);
			mainGroup = 4ADAAB6313C5205F005B77DC;
			productRefGroup = 4ADAAB6F13C52060005B77DC /* Products */;
			projectDirPath = "";
			projectRoot = "";
			targets = (
				4ADAAB6D13C52060005B77DC /* SGGimmeAPI */,
				4A1D6A2613CD10870084A060 /* Tests */,
			);
		};
/* End PBXProject section */

/* Begin PBXResourcesBuildPhase section */
		4A1D6A2513CD10870084A060 /* Resources */ = {
			isa = PBXResourcesBuildPhase;
			buildActionMask = 2147483647;
			files = (
				4A1D6A3113CD10870084A060 /* InfoPlist.strings in Resources */,
				4A1D6A4413CD16850084A060 /* credentials.plist in Resources */,
			);
			runOnlyForDeploymentPostprocessing = 0;
		};
/* End PBXResourcesBuildPhase section */

/* Begin PBXSourcesBuildPhase section */
		4A1D6A2313CD10870084A060 /* Sources */ = {
			isa = PBXSourcesBuildPhase;
			buildActionMask = 2147483647;
			files = (
				4A1D6A4113CD126F0084A060 /* SGTwitterClientTest.m in Sources */,
				4A1D6A4213CD12BE0084A060 /* GHUnitTestMain.m in Sources */,
				4A1D6A7E13CF60060084A060 /* SGFoursquareClientTest.m in Sources */,
			);
			runOnlyForDeploymentPostprocessing = 0;
		};
		4ADAAB6A13C52060005B77DC /* Sources */ = {
			isa = PBXSourcesBuildPhase;
			buildActionMask = 2147483647;
			files = (
				4ADAACB613C5217A005B77DC /* ASIAuthenticationDialog.m in Sources */,
				4ADAACB913C5217A005B77DC /* ASIDataCompressor.m in Sources */,
				4ADAACBB13C5217A005B77DC /* ASIDataDecompressor.m in Sources */,
				4ADAACBD13C5217A005B77DC /* ASIDownloadCache.m in Sources */,
				4ADAACBF13C5217A005B77DC /* ASIFormDataRequest.m in Sources */,
				4ADAACC113C5217A005B77DC /* ASIHTTPRequest.m in Sources */,
				4ADAACC513C5217A005B77DC /* ASIInputStream.m in Sources */,
				4ADAACC713C5217A005B77DC /* ASINetworkQueue.m in Sources */,
				4ADAAD0413C5217A005B77DC /* Reachability.m in Sources */,
				4ADAAD2713C5217A005B77DC /* ASIFormDataRequest+OAuth.m in Sources */,
				4ADAAD2913C5217A005B77DC /* ASIHTTPRequest+OAuth.m in Sources */,
				4ADAAD2B13C5217A005B77DC /* NSData+Base64.m in Sources */,
				4ADAAD2D13C5217A005B77DC /* NSString+URLEncode.m in Sources */,
				4ADAADDE13C522B7005B77DC /* Facebook.m in Sources */,
				4ADAADE213C522B7005B77DC /* FBDialog.m in Sources */,
				4ADAADE413C522B7005B77DC /* FBLoginDialog.m in Sources */,
				4ADAADE613C522B7005B77DC /* FBRequest.m in Sources */,
				4ADAADE913C522B7005B77DC /* NSObject+SBJSON.m in Sources */,
				4ADAADEB13C522B7005B77DC /* NSString+SBJSON.m in Sources */,
				4ADAADED13C522B7005B77DC /* SBJSON.m in Sources */,
				4ADAADEF13C522B7005B77DC /* SBJsonBase.m in Sources */,
				4ADAADF113C522B7005B77DC /* SBJsonParser.m in Sources */,
				4ADAADF313C522B7005B77DC /* SBJsonWriter.m in Sources */,
				4ADAAE6413C628B1005B77DC /* SGFoursquareClient.m in Sources */,
				4ADAAE6913C628BD005B77DC /* SGTwitterClient.m in Sources */,
				4ADAAE7313C62A57005B77DC /* SGHTTPClient.m in Sources */,
			);
			runOnlyForDeploymentPostprocessing = 0;
		};
/* End PBXSourcesBuildPhase section */

/* Begin PBXTargetDependency section */
		4A1D6A4613CD176F0084A060 /* PBXTargetDependency */ = {
			isa = PBXTargetDependency;
			target = 4ADAAB6D13C52060005B77DC /* SGGimmeAPI */;
			targetProxy = 4A1D6A4513CD176F0084A060 /* PBXContainerItemProxy */;
		};
/* End PBXTargetDependency section */

/* Begin PBXVariantGroup section */
		4A1D6A2F13CD10870084A060 /* InfoPlist.strings */ = {
			isa = PBXVariantGroup;
			children = (
				4A1D6A3013CD10870084A060 /* en */,
			);
			name = InfoPlist.strings;
			sourceTree = "<group>";
		};
/* End PBXVariantGroup section */

/* Begin XCBuildConfiguration section */
		4A1D6A3C13CD10870084A060 /* Debug */ = {
			isa = XCBuildConfiguration;
			buildSettings = {
				ALWAYS_SEARCH_USER_PATHS = NO;
				"CODE_SIGN_IDENTITY[sdk=iphoneos*]" = "iPhone Developer";
				COPY_PHASE_STRIP = NO;
				FRAMEWORK_SEARCH_PATHS = (
					"$(inherited)",
					"\"$(SRCROOT)/Tests\"",
				);
				GCC_DYNAMIC_NO_PIC = NO;
				GCC_PRECOMPILE_PREFIX_HEADER = YES;
				GCC_PREFIX_HEADER = "Tests/Tests-Prefix.pch";
				INFOPLIST_FILE = "Tests/Tests-Info.plist";
				OTHER_LDFLAGS = (
					"-ObjC",
					"-all_load",
				);
				PRODUCT_NAME = "$(TARGET_NAME)";
				WRAPPER_EXTENSION = app;
			};
			name = Debug;
		};
		4A1D6A3D13CD10870084A060 /* Release */ = {
			isa = XCBuildConfiguration;
			buildSettings = {
				ALWAYS_SEARCH_USER_PATHS = NO;
				"CODE_SIGN_IDENTITY[sdk=iphoneos*]" = "iPhone Developer";
				COPY_PHASE_STRIP = YES;
				FRAMEWORK_SEARCH_PATHS = (
					"$(inherited)",
					"\"$(SRCROOT)/Tests\"",
				);
				GCC_PRECOMPILE_PREFIX_HEADER = YES;
				GCC_PREFIX_HEADER = "Tests/Tests-Prefix.pch";
				INFOPLIST_FILE = "Tests/Tests-Info.plist";
				OTHER_CFLAGS = "-DNS_BLOCK_ASSERTIONS=1";
				OTHER_LDFLAGS = (
					"-ObjC",
					"-all_load",
				);
				PRODUCT_NAME = "$(TARGET_NAME)";
				VALIDATE_PRODUCT = YES;
				WRAPPER_EXTENSION = app;
			};
			name = Release;
		};
		4ADAAB7613C52060005B77DC /* Debug */ = {
			isa = XCBuildConfiguration;
			buildSettings = {
				ARCHS = "$(ARCHS_STANDARD_32_BIT)";
				GCC_C_LANGUAGE_STANDARD = gnu99;
				GCC_OPTIMIZATION_LEVEL = 0;
				GCC_PREPROCESSOR_DEFINITIONS = DEBUG;
				GCC_SYMBOLS_PRIVATE_EXTERN = NO;
				GCC_VERSION = com.apple.compilers.llvmgcc42;
				GCC_WARN_ABOUT_RETURN_TYPE = YES;
				GCC_WARN_UNUSED_VARIABLE = YES;
				IPHONEOS_DEPLOYMENT_TARGET = 4.3;
				SDKROOT = iphoneos;
			};
			name = Debug;
		};
		4ADAAB7713C52060005B77DC /* Release */ = {
			isa = XCBuildConfiguration;
			buildSettings = {
				ARCHS = "$(ARCHS_STANDARD_32_BIT)";
				GCC_C_LANGUAGE_STANDARD = gnu99;
				GCC_VERSION = com.apple.compilers.llvmgcc42;
				GCC_WARN_ABOUT_RETURN_TYPE = YES;
				GCC_WARN_UNUSED_VARIABLE = YES;
				IPHONEOS_DEPLOYMENT_TARGET = 4.3;
				SDKROOT = iphoneos;
			};
			name = Release;
		};
		4ADAAB7913C52060005B77DC /* Debug */ = {
			isa = XCBuildConfiguration;
			buildSettings = {
				ALWAYS_SEARCH_USER_PATHS = NO;
				DSTROOT = /tmp/SGGimmeAPI.dst;
				FRAMEWORK_SEARCH_PATHS = (
					"$(inherited)",
					"\"$(DEVELOPER_FRAMEWORKS_DIR)\"",
					"\"$(SRCROOT)/Tests\"",
				);
				GCC_PRECOMPILE_PREFIX_HEADER = YES;
				GCC_PREFIX_HEADER = "SGGimmeAPI/SGGimmeAPI-Prefix.pch";
				OTHER_LDFLAGS = "-ObjC";
				PRODUCT_NAME = "$(TARGET_NAME)";
			};
			name = Debug;
		};
		4ADAAB7A13C52060005B77DC /* Release */ = {
			isa = XCBuildConfiguration;
			buildSettings = {
				ALWAYS_SEARCH_USER_PATHS = NO;
				DSTROOT = /tmp/SGGimmeAPI.dst;
				FRAMEWORK_SEARCH_PATHS = (
					"$(inherited)",
					"\"$(DEVELOPER_FRAMEWORKS_DIR)\"",
					"\"$(SRCROOT)/Tests\"",
				);
				GCC_PRECOMPILE_PREFIX_HEADER = YES;
				GCC_PREFIX_HEADER = "SGGimmeAPI/SGGimmeAPI-Prefix.pch";
				OTHER_LDFLAGS = "-ObjC";
				PRODUCT_NAME = "$(TARGET_NAME)";
			};
			name = Release;
		};
/* End XCBuildConfiguration section */

/* Begin XCConfigurationList section */
		4A1D6A3B13CD10870084A060 /* Build configuration list for PBXNativeTarget "Tests" */ = {
			isa = XCConfigurationList;
			buildConfigurations = (
				4A1D6A3C13CD10870084A060 /* Debug */,
				4A1D6A3D13CD10870084A060 /* Release */,
			);
			defaultConfigurationIsVisible = 0;
			defaultConfigurationName = Release;
		};
		4ADAAB6813C5205F005B77DC /* Build configuration list for PBXProject "SGGimmeAPI" */ = {
			isa = XCConfigurationList;
			buildConfigurations = (
				4ADAAB7613C52060005B77DC /* Debug */,
				4ADAAB7713C52060005B77DC /* Release */,
			);
			defaultConfigurationIsVisible = 0;
			defaultConfigurationName = Release;
		};
		4ADAAB7813C52060005B77DC /* Build configuration list for PBXNativeTarget "SGGimmeAPI" */ = {
			isa = XCConfigurationList;
			buildConfigurations = (
				4ADAAB7913C52060005B77DC /* Debug */,
				4ADAAB7A13C52060005B77DC /* Release */,
			);
			defaultConfigurationIsVisible = 0;
			defaultConfigurationName = Release;
		};
/* End XCConfigurationList section */
	};
	rootObject = 4ADAAB6513C5205F005B77DC /* Project object */;
}
